// !$*UTF8*$!
{
	archiveVersion = 1;
	classes = {
	};
	objectVersion = 55;
	objects = {

/* Begin PBXBuildFile section */
		F586E6C828410FDB00E219D2 /* README.md in Resources */ = {isa = PBXBuildFile; fileRef = F586E6C728410FDB00E219D2 /* README.md */; };
		F5AEE6EC284C4439004D7655 /* URLSessionHTTPClientTests.swift in Sources */ = {isa = PBXBuildFile; fileRef = F5AEE6EB284C4439004D7655 /* URLSessionHTTPClientTests.swift */; };
		F5AEE6EE284C8A0F004D7655 /* URLSessionClientWithURLProtocolTests.swift in Sources */ = {isa = PBXBuildFile; fileRef = F5AEE6ED284C8A0F004D7655 /* URLSessionClientWithURLProtocolTests.swift */; };
		F5B87CD8283F5C5C00D86464 /* AppDelegate.swift in Sources */ = {isa = PBXBuildFile; fileRef = F5B87CD7283F5C5C00D86464 /* AppDelegate.swift */; };
		F5B87CDA283F5C5C00D86464 /* SceneDelegate.swift in Sources */ = {isa = PBXBuildFile; fileRef = F5B87CD9283F5C5C00D86464 /* SceneDelegate.swift */; };
		F5B87CDC283F5C5C00D86464 /* ViewController.swift in Sources */ = {isa = PBXBuildFile; fileRef = F5B87CDB283F5C5C00D86464 /* ViewController.swift */; };
		F5B87CDF283F5C5C00D86464 /* Main.storyboard in Resources */ = {isa = PBXBuildFile; fileRef = F5B87CDD283F5C5C00D86464 /* Main.storyboard */; };
		F5B87CE1283F5C5F00D86464 /* Assets.xcassets in Resources */ = {isa = PBXBuildFile; fileRef = F5B87CE0283F5C5F00D86464 /* Assets.xcassets */; };
		F5B87CE4283F5C5F00D86464 /* LaunchScreen.storyboard in Resources */ = {isa = PBXBuildFile; fileRef = F5B87CE2283F5C5F00D86464 /* LaunchScreen.storyboard */; };
		F5B87CEF283F5C5F00D86464 /* EssentialFeedRevisedTests.swift in Sources */ = {isa = PBXBuildFile; fileRef = F5B87CEE283F5C5F00D86464 /* EssentialFeedRevisedTests.swift */; };
		F5B87CF9283F5C5F00D86464 /* EssentialFeedRevisedUITests.swift in Sources */ = {isa = PBXBuildFile; fileRef = F5B87CF8283F5C5F00D86464 /* EssentialFeedRevisedUITests.swift */; };
		F5B87CFB283F5C5F00D86464 /* EssentialFeedRevisedUITestsLaunchTests.swift in Sources */ = {isa = PBXBuildFile; fileRef = F5B87CFA283F5C5F00D86464 /* EssentialFeedRevisedUITestsLaunchTests.swift */; };
		F5B87D09283F5CBC00D86464 /* FeedItem.swift in Sources */ = {isa = PBXBuildFile; fileRef = F5B87D08283F5CBC00D86464 /* FeedItem.swift */; };
		F5B87D0B283F5CC600D86464 /* FeedLoader.swift in Sources */ = {isa = PBXBuildFile; fileRef = F5B87D0A283F5CC600D86464 /* FeedLoader.swift */; };
		F5B87D0D283F5DCA00D86464 /* RemoteFeedLoaderTests.swift in Sources */ = {isa = PBXBuildFile; fileRef = F5B87D0C283F5DCA00D86464 /* RemoteFeedLoaderTests.swift */; };
		F5B87D10283F7FB900D86464 /* RemoteFeedLoader.swift in Sources */ = {isa = PBXBuildFile; fileRef = F5B87D0F283F7FB900D86464 /* RemoteFeedLoader.swift */; };
		F5D5C5E82845C484006FA1B0 /* HTTPClient.swift in Sources */ = {isa = PBXBuildFile; fileRef = F5D5C5E72845C484006FA1B0 /* HTTPClient.swift */; };
		F5D5C5EB2845C580006FA1B0 /* FeedItemsMapper.swift in Sources */ = {isa = PBXBuildFile; fileRef = F5D5C5EA2845C580006FA1B0 /* FeedItemsMapper.swift */; };
/* End PBXBuildFile section */

/* Begin PBXContainerItemProxy section */
		F5B87CEB283F5C5F00D86464 /* PBXContainerItemProxy */ = {
			isa = PBXContainerItemProxy;
			containerPortal = F5B87CCC283F5C5C00D86464 /* Project object */;
			proxyType = 1;
			remoteGlobalIDString = F5B87CD3283F5C5C00D86464;
			remoteInfo = EssentialFeedRevised;
		};
		F5B87CF5283F5C5F00D86464 /* PBXContainerItemProxy */ = {
			isa = PBXContainerItemProxy;
			containerPortal = F5B87CCC283F5C5C00D86464 /* Project object */;
			proxyType = 1;
			remoteGlobalIDString = F5B87CD3283F5C5C00D86464;
			remoteInfo = EssentialFeedRevised;
		};
/* End PBXContainerItemProxy section */

/* Begin PBXFileReference section */
		F586E6C728410FDB00E219D2 /* README.md */ = {isa = PBXFileReference; lastKnownFileType = net.daringfireball.markdown; path = README.md; sourceTree = "<group>"; };
		F5AEE6EB284C4439004D7655 /* URLSessionHTTPClientTests.swift */ = {isa = PBXFileReference; lastKnownFileType = sourcecode.swift; path = URLSessionHTTPClientTests.swift; sourceTree = "<group>"; };
		F5AEE6ED284C8A0F004D7655 /* URLSessionClientWithURLProtocolTests.swift */ = {isa = PBXFileReference; lastKnownFileType = sourcecode.swift; path = URLSessionClientWithURLProtocolTests.swift; sourceTree = "<group>"; };
		F5B87CD4283F5C5C00D86464 /* EssentialFeedRevised.app */ = {isa = PBXFileReference; explicitFileType = wrapper.application; includeInIndex = 0; path = EssentialFeedRevised.app; sourceTree = BUILT_PRODUCTS_DIR; };
		F5B87CD7283F5C5C00D86464 /* AppDelegate.swift */ = {isa = PBXFileReference; lastKnownFileType = sourcecode.swift; path = AppDelegate.swift; sourceTree = "<group>"; };
		F5B87CD9283F5C5C00D86464 /* SceneDelegate.swift */ = {isa = PBXFileReference; lastKnownFileType = sourcecode.swift; path = SceneDelegate.swift; sourceTree = "<group>"; };
		F5B87CDB283F5C5C00D86464 /* ViewController.swift */ = {isa = PBXFileReference; lastKnownFileType = sourcecode.swift; path = ViewController.swift; sourceTree = "<group>"; };
		F5B87CDE283F5C5C00D86464 /* Base */ = {isa = PBXFileReference; lastKnownFileType = file.storyboard; name = Base; path = Base.lproj/Main.storyboard; sourceTree = "<group>"; };
		F5B87CE0283F5C5F00D86464 /* Assets.xcassets */ = {isa = PBXFileReference; lastKnownFileType = folder.assetcatalog; path = Assets.xcassets; sourceTree = "<group>"; };
		F5B87CE3283F5C5F00D86464 /* Base */ = {isa = PBXFileReference; lastKnownFileType = file.storyboard; name = Base; path = Base.lproj/LaunchScreen.storyboard; sourceTree = "<group>"; };
		F5B87CE5283F5C5F00D86464 /* Info.plist */ = {isa = PBXFileReference; lastKnownFileType = text.plist.xml; path = Info.plist; sourceTree = "<group>"; };
		F5B87CEA283F5C5F00D86464 /* EssentialFeedRevisedTests.xctest */ = {isa = PBXFileReference; explicitFileType = wrapper.cfbundle; includeInIndex = 0; path = EssentialFeedRevisedTests.xctest; sourceTree = BUILT_PRODUCTS_DIR; };
		F5B87CEE283F5C5F00D86464 /* EssentialFeedRevisedTests.swift */ = {isa = PBXFileReference; lastKnownFileType = sourcecode.swift; path = EssentialFeedRevisedTests.swift; sourceTree = "<group>"; };
		F5B87CF4283F5C5F00D86464 /* EssentialFeedRevisedUITests.xctest */ = {isa = PBXFileReference; explicitFileType = wrapper.cfbundle; includeInIndex = 0; path = EssentialFeedRevisedUITests.xctest; sourceTree = BUILT_PRODUCTS_DIR; };
		F5B87CF8283F5C5F00D86464 /* EssentialFeedRevisedUITests.swift */ = {isa = PBXFileReference; lastKnownFileType = sourcecode.swift; path = EssentialFeedRevisedUITests.swift; sourceTree = "<group>"; };
		F5B87CFA283F5C5F00D86464 /* EssentialFeedRevisedUITestsLaunchTests.swift */ = {isa = PBXFileReference; lastKnownFileType = sourcecode.swift; path = EssentialFeedRevisedUITestsLaunchTests.swift; sourceTree = "<group>"; };
		F5B87D08283F5CBC00D86464 /* FeedItem.swift */ = {isa = PBXFileReference; lastKnownFileType = sourcecode.swift; path = FeedItem.swift; sourceTree = "<group>"; };
		F5B87D0A283F5CC600D86464 /* FeedLoader.swift */ = {isa = PBXFileReference; lastKnownFileType = sourcecode.swift; path = FeedLoader.swift; sourceTree = "<group>"; };
		F5B87D0C283F5DCA00D86464 /* RemoteFeedLoaderTests.swift */ = {isa = PBXFileReference; lastKnownFileType = sourcecode.swift; path = RemoteFeedLoaderTests.swift; sourceTree = "<group>"; };
		F5B87D0F283F7FB900D86464 /* RemoteFeedLoader.swift */ = {isa = PBXFileReference; lastKnownFileType = sourcecode.swift; path = RemoteFeedLoader.swift; sourceTree = "<group>"; };
		F5D5C5E72845C484006FA1B0 /* HTTPClient.swift */ = {isa = PBXFileReference; lastKnownFileType = sourcecode.swift; path = HTTPClient.swift; sourceTree = "<group>"; };
		F5D5C5EA2845C580006FA1B0 /* FeedItemsMapper.swift */ = {isa = PBXFileReference; lastKnownFileType = sourcecode.swift; path = FeedItemsMapper.swift; sourceTree = "<group>"; };
/* End PBXFileReference section */

/* Begin PBXFrameworksBuildPhase section */
		F5B87CD1283F5C5C00D86464 /* Frameworks */ = {
			isa = PBXFrameworksBuildPhase;
			buildActionMask = 2147483647;
			files = (
			);
			runOnlyForDeploymentPostprocessing = 0;
		};
		F5B87CE7283F5C5F00D86464 /* Frameworks */ = {
			isa = PBXFrameworksBuildPhase;
			buildActionMask = 2147483647;
			files = (
			);
			runOnlyForDeploymentPostprocessing = 0;
		};
		F5B87CF1283F5C5F00D86464 /* Frameworks */ = {
			isa = PBXFrameworksBuildPhase;
			buildActionMask = 2147483647;
			files = (
			);
			runOnlyForDeploymentPostprocessing = 0;
		};
/* End PBXFrameworksBuildPhase section */

/* Begin PBXGroup section */
		F5B87CCB283F5C5C00D86464 = {
			isa = PBXGroup;
			children = (
				F5B87CD6283F5C5C00D86464 /* EssentialFeedRevised */,
				F5B87CED283F5C5F00D86464 /* EssentialFeedRevisedTests */,
				F5B87CF7283F5C5F00D86464 /* EssentialFeedRevisedUITests */,
				F5B87CD5283F5C5C00D86464 /* Products */,
			);
			sourceTree = "<group>";
		};
		F5B87CD5283F5C5C00D86464 /* Products */ = {
			isa = PBXGroup;
			children = (
				F5B87CD4283F5C5C00D86464 /* EssentialFeedRevised.app */,
				F5B87CEA283F5C5F00D86464 /* EssentialFeedRevisedTests.xctest */,
				F5B87CF4283F5C5F00D86464 /* EssentialFeedRevisedUITests.xctest */,
			);
			name = Products;
			sourceTree = "<group>";
		};
		F5B87CD6283F5C5C00D86464 /* EssentialFeedRevised */ = {
			isa = PBXGroup;
			children = (
				F586E6C728410FDB00E219D2 /* README.md */,
				F5B87D07283F5CA800D86464 /* Feed Feature */,
				F5B87D0E283F7FA900D86464 /* Feed Api */,
				F5B87CD7283F5C5C00D86464 /* AppDelegate.swift */,
				F5B87CD9283F5C5C00D86464 /* SceneDelegate.swift */,
				F5B87CDB283F5C5C00D86464 /* ViewController.swift */,
				F5B87CDD283F5C5C00D86464 /* Main.storyboard */,
				F5B87CE0283F5C5F00D86464 /* Assets.xcassets */,
				F5B87CE2283F5C5F00D86464 /* LaunchScreen.storyboard */,
				F5B87CE5283F5C5F00D86464 /* Info.plist */,
			);
			path = EssentialFeedRevised;
			sourceTree = "<group>";
		};
		F5B87CED283F5C5F00D86464 /* EssentialFeedRevisedTests */ = {
			isa = PBXGroup;
			children = (
				F5B87CEE283F5C5F00D86464 /* EssentialFeedRevisedTests.swift */,
				F5D5C5EC2845D04A006FA1B0 /* Feed Api */,
			);
			path = EssentialFeedRevisedTests;
			sourceTree = "<group>";
		};
		F5B87CF7283F5C5F00D86464 /* EssentialFeedRevisedUITests */ = {
			isa = PBXGroup;
			children = (
				F5B87CF8283F5C5F00D86464 /* EssentialFeedRevisedUITests.swift */,
				F5B87CFA283F5C5F00D86464 /* EssentialFeedRevisedUITestsLaunchTests.swift */,
			);
			path = EssentialFeedRevisedUITests;
			sourceTree = "<group>";
		};
		F5B87D07283F5CA800D86464 /* Feed Feature */ = {
			isa = PBXGroup;
			children = (
				F5B87D08283F5CBC00D86464 /* FeedItem.swift */,
				F5B87D0A283F5CC600D86464 /* FeedLoader.swift */,
			);
			path = "Feed Feature";
			sourceTree = "<group>";
		};
		F5B87D0E283F7FA900D86464 /* Feed Api */ = {
			isa = PBXGroup;
			children = (
				F5B87D0F283F7FB900D86464 /* RemoteFeedLoader.swift */,
				F5D5C5EA2845C580006FA1B0 /* FeedItemsMapper.swift */,
				F5D5C5E72845C484006FA1B0 /* HTTPClient.swift */,
			);
			path = "Feed Api";
			sourceTree = "<group>";
		};
		F5D5C5EC2845D04A006FA1B0 /* Feed Api */ = {
			isa = PBXGroup;
			children = (
				F5B87D0C283F5DCA00D86464 /* RemoteFeedLoaderTests.swift */,
				F5AEE6EB284C4439004D7655 /* URLSessionHTTPClientTests.swift */,
				F5AEE6ED284C8A0F004D7655 /* URLSessionClientWithURLProtocolTests.swift */,
			);
			path = "Feed Api";
			sourceTree = "<group>";
		};
/* End PBXGroup section */

/* Begin PBXNativeTarget section */
		F5B87CD3283F5C5C00D86464 /* EssentialFeedRevised */ = {
			isa = PBXNativeTarget;
			buildConfigurationList = F5B87CFE283F5C5F00D86464 /* Build configuration list for PBXNativeTarget "EssentialFeedRevised" */;
			buildPhases = (
				F5B87CD0283F5C5C00D86464 /* Sources */,
				F5B87CD1283F5C5C00D86464 /* Frameworks */,
				F5B87CD2283F5C5C00D86464 /* Resources */,
			);
			buildRules = (
			);
			dependencies = (
			);
			name = EssentialFeedRevised;
			productName = EssentialFeedRevised;
			productReference = F5B87CD4283F5C5C00D86464 /* EssentialFeedRevised.app */;
			productType = "com.apple.product-type.application";
		};
		F5B87CE9283F5C5F00D86464 /* EssentialFeedRevisedTests */ = {
			isa = PBXNativeTarget;
			buildConfigurationList = F5B87D01283F5C5F00D86464 /* Build configuration list for PBXNativeTarget "EssentialFeedRevisedTests" */;
			buildPhases = (
				F5B87CE6283F5C5F00D86464 /* Sources */,
				F5B87CE7283F5C5F00D86464 /* Frameworks */,
				F5B87CE8283F5C5F00D86464 /* Resources */,
			);
			buildRules = (
			);
			dependencies = (
				F5B87CEC283F5C5F00D86464 /* PBXTargetDependency */,
			);
			name = EssentialFeedRevisedTests;
			productName = EssentialFeedRevisedTests;
			productReference = F5B87CEA283F5C5F00D86464 /* EssentialFeedRevisedTests.xctest */;
			productType = "com.apple.product-type.bundle.unit-test";
		};
		F5B87CF3283F5C5F00D86464 /* EssentialFeedRevisedUITests */ = {
			isa = PBXNativeTarget;
			buildConfigurationList = F5B87D04283F5C5F00D86464 /* Build configuration list for PBXNativeTarget "EssentialFeedRevisedUITests" */;
			buildPhases = (
				F5B87CF0283F5C5F00D86464 /* Sources */,
				F5B87CF1283F5C5F00D86464 /* Frameworks */,
				F5B87CF2283F5C5F00D86464 /* Resources */,
			);
			buildRules = (
			);
			dependencies = (
				F5B87CF6283F5C5F00D86464 /* PBXTargetDependency */,
			);
			name = EssentialFeedRevisedUITests;
			productName = EssentialFeedRevisedUITests;
			productReference = F5B87CF4283F5C5F00D86464 /* EssentialFeedRevisedUITests.xctest */;
			productType = "com.apple.product-type.bundle.ui-testing";
		};
/* End PBXNativeTarget section */

/* Begin PBXProject section */
		F5B87CCC283F5C5C00D86464 /* Project object */ = {
			isa = PBXProject;
			attributes = {
				BuildIndependentTargetsInParallel = 1;
				LastSwiftUpdateCheck = 1330;
				LastUpgradeCheck = 1330;
				TargetAttributes = {
					F5B87CD3283F5C5C00D86464 = {
						CreatedOnToolsVersion = 13.3;
					};
					F5B87CE9283F5C5F00D86464 = {
						CreatedOnToolsVersion = 13.3;
						TestTargetID = F5B87CD3283F5C5C00D86464;
					};
					F5B87CF3283F5C5F00D86464 = {
						CreatedOnToolsVersion = 13.3;
						TestTargetID = F5B87CD3283F5C5C00D86464;
					};
				};
			};
			buildConfigurationList = F5B87CCF283F5C5C00D86464 /* Build configuration list for PBXProject "EssentialFeedRevised" */;
			compatibilityVersion = "Xcode 13.0";
			developmentRegion = en;
			hasScannedForEncodings = 0;
			knownRegions = (
				en,
				Base,
			);
			mainGroup = F5B87CCB283F5C5C00D86464;
			productRefGroup = F5B87CD5283F5C5C00D86464 /* Products */;
			projectDirPath = "";
			projectRoot = "";
			targets = (
				F5B87CD3283F5C5C00D86464 /* EssentialFeedRevised */,
				F5B87CE9283F5C5F00D86464 /* EssentialFeedRevisedTests */,
				F5B87CF3283F5C5F00D86464 /* EssentialFeedRevisedUITests */,
			);
		};
/* End PBXProject section */

/* Begin PBXResourcesBuildPhase section */
		F5B87CD2283F5C5C00D86464 /* Resources */ = {
			isa = PBXResourcesBuildPhase;
			buildActionMask = 2147483647;
			files = (
				F5B87CE4283F5C5F00D86464 /* LaunchScreen.storyboard in Resources */,
				F5B87CE1283F5C5F00D86464 /* Assets.xcassets in Resources */,
				F586E6C828410FDB00E219D2 /* README.md in Resources */,
				F5B87CDF283F5C5C00D86464 /* Main.storyboard in Resources */,
			);
			runOnlyForDeploymentPostprocessing = 0;
		};
		F5B87CE8283F5C5F00D86464 /* Resources */ = {
			isa = PBXResourcesBuildPhase;
			buildActionMask = 2147483647;
			files = (
			);
			runOnlyForDeploymentPostprocessing = 0;
		};
		F5B87CF2283F5C5F00D86464 /* Resources */ = {
			isa = PBXResourcesBuildPhase;
			buildActionMask = 2147483647;
			files = (
			);
			runOnlyForDeploymentPostprocessing = 0;
		};
/* End PBXResourcesBuildPhase section */

/* Begin PBXSourcesBuildPhase section */
		F5B87CD0283F5C5C00D86464 /* Sources */ = {
			isa = PBXSourcesBuildPhase;
			buildActionMask = 2147483647;
			files = (
				F5B87D09283F5CBC00D86464 /* FeedItem.swift in Sources */,
				F5B87CDC283F5C5C00D86464 /* ViewController.swift in Sources */,
				F5B87CD8283F5C5C00D86464 /* AppDelegate.swift in Sources */,
				F5D5C5EB2845C580006FA1B0 /* FeedItemsMapper.swift in Sources */,
				F5D5C5E82845C484006FA1B0 /* HTTPClient.swift in Sources */,
				F5B87D0B283F5CC600D86464 /* FeedLoader.swift in Sources */,
				F5B87D10283F7FB900D86464 /* RemoteFeedLoader.swift in Sources */,
				F5B87CDA283F5C5C00D86464 /* SceneDelegate.swift in Sources */,
			);
			runOnlyForDeploymentPostprocessing = 0;
		};
		F5B87CE6283F5C5F00D86464 /* Sources */ = {
			isa = PBXSourcesBuildPhase;
			buildActionMask = 2147483647;
			files = (
				F5B87D0D283F5DCA00D86464 /* RemoteFeedLoaderTests.swift in Sources */,
				F5AEE6EC284C4439004D7655 /* URLSessionHTTPClientTests.swift in Sources */,
				F5B87CEF283F5C5F00D86464 /* EssentialFeedRevisedTests.swift in Sources */,
				F5AEE6EE284C8A0F004D7655 /* URLSessionClientWithURLProtocolTests.swift in Sources */,
			);
			runOnlyForDeploymentPostprocessing = 0;
		};
		F5B87CF0283F5C5F00D86464 /* Sources */ = {
			isa = PBXSourcesBuildPhase;
			buildActionMask = 2147483647;
			files = (
				F5B87CFB283F5C5F00D86464 /* EssentialFeedRevisedUITestsLaunchTests.swift in Sources */,
				F5B87CF9283F5C5F00D86464 /* EssentialFeedRevisedUITests.swift in Sources */,
			);
			runOnlyForDeploymentPostprocessing = 0;
		};
/* End PBXSourcesBuildPhase section */

/* Begin PBXTargetDependency section */
		F5B87CEC283F5C5F00D86464 /* PBXTargetDependency */ = {
			isa = PBXTargetDependency;
			target = F5B87CD3283F5C5C00D86464 /* EssentialFeedRevised */;
			targetProxy = F5B87CEB283F5C5F00D86464 /* PBXContainerItemProxy */;
		};
		F5B87CF6283F5C5F00D86464 /* PBXTargetDependency */ = {
			isa = PBXTargetDependency;
			target = F5B87CD3283F5C5C00D86464 /* EssentialFeedRevised */;
			targetProxy = F5B87CF5283F5C5F00D86464 /* PBXContainerItemProxy */;
		};
/* End PBXTargetDependency section */

/* Begin PBXVariantGroup section */
		F5B87CDD283F5C5C00D86464 /* Main.storyboard */ = {
			isa = PBXVariantGroup;
			children = (
				F5B87CDE283F5C5C00D86464 /* Base */,
			);
			name = Main.storyboard;
			sourceTree = "<group>";
		};
		F5B87CE2283F5C5F00D86464 /* LaunchScreen.storyboard */ = {
			isa = PBXVariantGroup;
			children = (
				F5B87CE3283F5C5F00D86464 /* Base */,
			);
			name = LaunchScreen.storyboard;
			sourceTree = "<group>";
		};
/* End PBXVariantGroup section */

/* Begin XCBuildConfiguration section */
		F5B87CFC283F5C5F00D86464 /* Debug */ = {
			isa = XCBuildConfiguration;
			buildSettings = {
				ALWAYS_SEARCH_USER_PATHS = NO;
				CLANG_ANALYZER_NONNULL = YES;
				CLANG_ANALYZER_NUMBER_OBJECT_CONVERSION = YES_AGGRESSIVE;
				CLANG_CXX_LANGUAGE_STANDARD = "gnu++17";
				CLANG_ENABLE_MODULES = YES;
				CLANG_ENABLE_OBJC_ARC = YES;
				CLANG_ENABLE_OBJC_WEAK = YES;
				CLANG_WARN_BLOCK_CAPTURE_AUTORELEASING = YES;
				CLANG_WARN_BOOL_CONVERSION = YES;
				CLANG_WARN_COMMA = YES;
				CLANG_WARN_CONSTANT_CONVERSION = YES;
				CLANG_WARN_DEPRECATED_OBJC_IMPLEMENTATIONS = YES;
				CLANG_WARN_DIRECT_OBJC_ISA_USAGE = YES_ERROR;
				CLANG_WARN_DOCUMENTATION_COMMENTS = YES;
				CLANG_WARN_EMPTY_BODY = YES;
				CLANG_WARN_ENUM_CONVERSION = YES;
				CLANG_WARN_INFINITE_RECURSION = YES;
				CLANG_WARN_INT_CONVERSION = YES;
				CLANG_WARN_NON_LITERAL_NULL_CONVERSION = YES;
				CLANG_WARN_OBJC_IMPLICIT_RETAIN_SELF = YES;
				CLANG_WARN_OBJC_LITERAL_CONVERSION = YES;
				CLANG_WARN_OBJC_ROOT_CLASS = YES_ERROR;
				CLANG_WARN_QUOTED_INCLUDE_IN_FRAMEWORK_HEADER = YES;
				CLANG_WARN_RANGE_LOOP_ANALYSIS = YES;
				CLANG_WARN_STRICT_PROTOTYPES = YES;
				CLANG_WARN_SUSPICIOUS_MOVE = YES;
				CLANG_WARN_UNGUARDED_AVAILABILITY = YES_AGGRESSIVE;
				CLANG_WARN_UNREACHABLE_CODE = YES;
				CLANG_WARN__DUPLICATE_METHOD_MATCH = YES;
				COPY_PHASE_STRIP = NO;
				DEBUG_INFORMATION_FORMAT = dwarf;
				ENABLE_STRICT_OBJC_MSGSEND = YES;
				ENABLE_TESTABILITY = YES;
				GCC_C_LANGUAGE_STANDARD = gnu11;
				GCC_DYNAMIC_NO_PIC = NO;
				GCC_NO_COMMON_BLOCKS = YES;
				GCC_OPTIMIZATION_LEVEL = 0;
				GCC_PREPROCESSOR_DEFINITIONS = (
					"DEBUG=1",
					"$(inherited)",
				);
				GCC_WARN_64_TO_32_BIT_CONVERSION = YES;
				GCC_WARN_ABOUT_RETURN_TYPE = YES_ERROR;
				GCC_WARN_UNDECLARED_SELECTOR = YES;
				GCC_WARN_UNINITIALIZED_AUTOS = YES_AGGRESSIVE;
				GCC_WARN_UNUSED_FUNCTION = YES;
				GCC_WARN_UNUSED_VARIABLE = YES;
				IPHONEOS_DEPLOYMENT_TARGET = 15.4;
				MTL_ENABLE_DEBUG_INFO = INCLUDE_SOURCE;
				MTL_FAST_MATH = YES;
				ONLY_ACTIVE_ARCH = YES;
				SDKROOT = iphoneos;
				SWIFT_ACTIVE_COMPILATION_CONDITIONS = DEBUG;
				SWIFT_OPTIMIZATION_LEVEL = "-Onone";
			};
			name = Debug;
		};
		F5B87CFD283F5C5F00D86464 /* Release */ = {
			isa = XCBuildConfiguration;
			buildSettings = {
				ALWAYS_SEARCH_USER_PATHS = NO;
				CLANG_ANALYZER_NONNULL = YES;
				CLANG_ANALYZER_NUMBER_OBJECT_CONVERSION = YES_AGGRESSIVE;
				CLANG_CXX_LANGUAGE_STANDARD = "gnu++17";
				CLANG_ENABLE_MODULES = YES;
				CLANG_ENABLE_OBJC_ARC = YES;
				CLANG_ENABLE_OBJC_WEAK = YES;
				CLANG_WARN_BLOCK_CAPTURE_AUTORELEASING = YES;
				CLANG_WARN_BOOL_CONVERSION = YES;
				CLANG_WARN_COMMA = YES;
				CLANG_WARN_CONSTANT_CONVERSION = YES;
				CLANG_WARN_DEPRECATED_OBJC_IMPLEMENTATIONS = YES;
				CLANG_WARN_DIRECT_OBJC_ISA_USAGE = YES_ERROR;
				CLANG_WARN_DOCUMENTATION_COMMENTS = YES;
				CLANG_WARN_EMPTY_BODY = YES;
				CLANG_WARN_ENUM_CONVERSION = YES;
				CLANG_WARN_INFINITE_RECURSION = YES;
				CLANG_WARN_INT_CONVERSION = YES;
				CLANG_WARN_NON_LITERAL_NULL_CONVERSION = YES;
				CLANG_WARN_OBJC_IMPLICIT_RETAIN_SELF = YES;
				CLANG_WARN_OBJC_LITERAL_CONVERSION = YES;
				CLANG_WARN_OBJC_ROOT_CLASS = YES_ERROR;
				CLANG_WARN_QUOTED_INCLUDE_IN_FRAMEWORK_HEADER = YES;
				CLANG_WARN_RANGE_LOOP_ANALYSIS = YES;
				CLANG_WARN_STRICT_PROTOTYPES = YES;
				CLANG_WARN_SUSPICIOUS_MOVE = YES;
				CLANG_WARN_UNGUARDED_AVAILABILITY = YES_AGGRESSIVE;
				CLANG_WARN_UNREACHABLE_CODE = YES;
				CLANG_WARN__DUPLICATE_METHOD_MATCH = YES;
				COPY_PHASE_STRIP = NO;
				DEBUG_INFORMATION_FORMAT = "dwarf-with-dsym";
				ENABLE_NS_ASSERTIONS = NO;
				ENABLE_STRICT_OBJC_MSGSEND = YES;
				GCC_C_LANGUAGE_STANDARD = gnu11;
				GCC_NO_COMMON_BLOCKS = YES;
				GCC_WARN_64_TO_32_BIT_CONVERSION = YES;
				GCC_WARN_ABOUT_RETURN_TYPE = YES_ERROR;
				GCC_WARN_UNDECLARED_SELECTOR = YES;
				GCC_WARN_UNINITIALIZED_AUTOS = YES_AGGRESSIVE;
				GCC_WARN_UNUSED_FUNCTION = YES;
				GCC_WARN_UNUSED_VARIABLE = YES;
				IPHONEOS_DEPLOYMENT_TARGET = 15.4;
				MTL_ENABLE_DEBUG_INFO = NO;
				MTL_FAST_MATH = YES;
				SDKROOT = iphoneos;
				SWIFT_COMPILATION_MODE = wholemodule;
				SWIFT_OPTIMIZATION_LEVEL = "-O";
				VALIDATE_PRODUCT = YES;
			};
			name = Release;
		};
		F5B87CFF283F5C5F00D86464 /* Debug */ = {
			isa = XCBuildConfiguration;
			buildSettings = {
				ASSETCATALOG_COMPILER_APPICON_NAME = AppIcon;
				ASSETCATALOG_COMPILER_GLOBAL_ACCENT_COLOR_NAME = AccentColor;
				CODE_SIGN_STYLE = Automatic;
				CURRENT_PROJECT_VERSION = 1;
				DEVELOPMENT_TEAM = L2WG7FZ7D7;
				GENERATE_INFOPLIST_FILE = YES;
				INFOPLIST_FILE = EssentialFeedRevised/Info.plist;
				INFOPLIST_KEY_UIApplicationSupportsIndirectInputEvents = YES;
				INFOPLIST_KEY_UILaunchStoryboardName = LaunchScreen;
				INFOPLIST_KEY_UIMainStoryboardFile = Main;
				INFOPLIST_KEY_UISupportedInterfaceOrientations_iPad = "UIInterfaceOrientationPortrait UIInterfaceOrientationPortraitUpsideDown UIInterfaceOrientationLandscapeLeft UIInterfaceOrientationLandscapeRight";
				INFOPLIST_KEY_UISupportedInterfaceOrientations_iPhone = "UIInterfaceOrientationPortrait UIInterfaceOrientationLandscapeLeft UIInterfaceOrientationLandscapeRight";
				LD_RUNPATH_SEARCH_PATHS = (
					"$(inherited)",
					"@executable_path/Frameworks",
				);
				MARKETING_VERSION = 1.0;
				PRODUCT_BUNDLE_IDENTIFIER = Anil.EssentialFeedRevised;
				PRODUCT_NAME = "$(TARGET_NAME)";
				SWIFT_EMIT_LOC_STRINGS = YES;
				SWIFT_VERSION = 5.0;
				TARGETED_DEVICE_FAMILY = "1,2";
			};
			name = Debug;
		};
		F5B87D00283F5C5F00D86464 /* Release */ = {
			isa = XCBuildConfiguration;
			buildSettings = {
				ASSETCATALOG_COMPILER_APPICON_NAME = AppIcon;
				ASSETCATALOG_COMPILER_GLOBAL_ACCENT_COLOR_NAME = AccentColor;
				CODE_SIGN_STYLE = Automatic;
				CURRENT_PROJECT_VERSION = 1;
				DEVELOPMENT_TEAM = L2WG7FZ7D7;
				GENERATE_INFOPLIST_FILE = YES;
				INFOPLIST_FILE = EssentialFeedRevised/Info.plist;
				INFOPLIST_KEY_UIApplicationSupportsIndirectInputEvents = YES;
				INFOPLIST_KEY_UILaunchStoryboardName = LaunchScreen;
				INFOPLIST_KEY_UIMainStoryboardFile = Main;
				INFOPLIST_KEY_UISupportedInterfaceOrientations_iPad = "UIInterfaceOrientationPortrait UIInterfaceOrientationPortraitUpsideDown UIInterfaceOrientationLandscapeLeft UIInterfaceOrientationLandscapeRight";
				INFOPLIST_KEY_UISupportedInterfaceOrientations_iPhone = "UIInterfaceOrientationPortrait UIInterfaceOrientationLandscapeLeft UIInterfaceOrientationLandscapeRight";
				LD_RUNPATH_SEARCH_PATHS = (
					"$(inherited)",
					"@executable_path/Frameworks",
				);
				MARKETING_VERSION = 1.0;
				PRODUCT_BUNDLE_IDENTIFIER = Anil.EssentialFeedRevised;
				PRODUCT_NAME = "$(TARGET_NAME)";
				SWIFT_EMIT_LOC_STRINGS = YES;
				SWIFT_VERSION = 5.0;
				TARGETED_DEVICE_FAMILY = "1,2";
			};
			name = Release;
		};
		F5B87D02283F5C5F00D86464 /* Debug */ = {
			isa = XCBuildConfiguration;
			buildSettings = {
				ALWAYS_EMBED_SWIFT_STANDARD_LIBRARIES = YES;
				BUNDLE_LOADER = "$(TEST_HOST)";
				CODE_SIGN_STYLE = Automatic;
				CURRENT_PROJECT_VERSION = 1;
				DEVELOPMENT_TEAM = L2WG7FZ7D7;
				GENERATE_INFOPLIST_FILE = YES;
				IPHONEOS_DEPLOYMENT_TARGET = 15.4;
				MARKETING_VERSION = 1.0;
				PRODUCT_BUNDLE_IDENTIFIER = Anil.EssentialFeedRevisedTests;
				PRODUCT_NAME = "$(TARGET_NAME)";
				SWIFT_EMIT_LOC_STRINGS = NO;
				SWIFT_VERSION = 5.0;
				TARGETED_DEVICE_FAMILY = "1,2";
				TEST_HOST = "$(BUILT_PRODUCTS_DIR)/EssentialFeedRevised.app/EssentialFeedRevised";
			};
			name = Debug;
		};
		F5B87D03283F5C5F00D86464 /* Release */ = {
			isa = XCBuildConfiguration;
			buildSettings = {
				ALWAYS_EMBED_SWIFT_STANDARD_LIBRARIES = YES;
				BUNDLE_LOADER = "$(TEST_HOST)";
				CODE_SIGN_STYLE = Automatic;
				CURRENT_PROJECT_VERSION = 1;
				DEVELOPMENT_TEAM = L2WG7FZ7D7;
				GENERATE_INFOPLIST_FILE = YES;
				IPHONEOS_DEPLOYMENT_TARGET = 15.4;
				MARKETING_VERSION = 1.0;
				PRODUCT_BUNDLE_IDENTIFIER = Anil.EssentialFeedRevisedTests;
				PRODUCT_NAME = "$(TARGET_NAME)";
				SWIFT_EMIT_LOC_STRINGS = NO;
				SWIFT_VERSION = 5.0;
				TARGETED_DEVICE_FAMILY = "1,2";
				TEST_HOST = "$(BUILT_PRODUCTS_DIR)/EssentialFeedRevised.app/EssentialFeedRevised";
			};
			name = Release;
		};
		F5B87D05283F5C5F00D86464 /* Debug */ = {
			isa = XCBuildConfiguration;
			buildSettings = {
				ALWAYS_EMBED_SWIFT_STANDARD_LIBRARIES = YES;
				CODE_SIGN_STYLE = Automatic;
				CURRENT_PROJECT_VERSION = 1;
				DEVELOPMENT_TEAM = L2WG7FZ7D7;
				GENERATE_INFOPLIST_FILE = YES;
				MARKETING_VERSION = 1.0;
				PRODUCT_BUNDLE_IDENTIFIER = Anil.EssentialFeedRevisedUITests;
				PRODUCT_NAME = "$(TARGET_NAME)";
				SWIFT_EMIT_LOC_STRINGS = NO;
				SWIFT_VERSION = 5.0;
				TARGETED_DEVICE_FAMILY = "1,2";
				TEST_TARGET_NAME = EssentialFeedRevised;
			};
			name = Debug;
		};
		F5B87D06283F5C5F00D86464 /* Release */ = {
			isa = XCBuildConfiguration;
			buildSettings = {
				ALWAYS_EMBED_SWIFT_STANDARD_LIBRARIES = YES;
				CODE_SIGN_STYLE = Automatic;
				CURRENT_PROJECT_VERSION = 1;
				DEVELOPMENT_TEAM = L2WG7FZ7D7;
				GENERATE_INFOPLIST_FILE = YES;
				MARKETING_VERSION = 1.0;
				PRODUCT_BUNDLE_IDENTIFIER = Anil.EssentialFeedRevisedUITests;
				PRODUCT_NAME = "$(TARGET_NAME)";
				SWIFT_EMIT_LOC_STRINGS = NO;
				SWIFT_VERSION = 5.0;
				TARGETED_DEVICE_FAMILY = "1,2";
				TEST_TARGET_NAME = EssentialFeedRevised;
			};
			name = Release;
		};
/* End XCBuildConfiguration section */

/* Begin XCConfigurationList section */
		F5B87CCF283F5C5C00D86464 /* Build configuration list for PBXProject "EssentialFeedRevised" */ = {
			isa = XCConfigurationList;
			buildConfigurations = (
				F5B87CFC283F5C5F00D86464 /* Debug */,
				F5B87CFD283F5C5F00D86464 /* Release */,
			);
			defaultConfigurationIsVisible = 0;
			defaultConfigurationName = Release;
		};
		F5B87CFE283F5C5F00D86464 /* Build configuration list for PBXNativeTarget "EssentialFeedRevised" */ = {
			isa = XCConfigurationList;
			buildConfigurations = (
				F5B87CFF283F5C5F00D86464 /* Debug */,
				F5B87D00283F5C5F00D86464 /* Release */,
			);
			defaultConfigurationIsVisible = 0;
			defaultConfigurationName = Release;
		};
		F5B87D01283F5C5F00D86464 /* Build configuration list for PBXNativeTarget "EssentialFeedRevisedTests" */ = {
			isa = XCConfigurationList;
			buildConfigurations = (
				F5B87D02283F5C5F00D86464 /* Debug */,
				F5B87D03283F5C5F00D86464 /* Release */,
			);
			defaultConfigurationIsVisible = 0;
			defaultConfigurationName = Release;
		};
		F5B87D04283F5C5F00D86464 /* Build configuration list for PBXNativeTarget "EssentialFeedRevisedUITests" */ = {
			isa = XCConfigurationList;
			buildConfigurations = (
				F5B87D05283F5C5F00D86464 /* Debug */,
				F5B87D06283F5C5F00D86464 /* Release */,
			);
			defaultConfigurationIsVisible = 0;
			defaultConfigurationName = Release;
		};
/* End XCConfigurationList section */
	};
	rootObject = F5B87CCC283F5C5C00D86464 /* Project object */;
}
