// !$*UTF8*$!
{
	archiveVersion = 1;
	classes = {
	};
	objectVersion = 55;
	objects = {

/* Begin PBXBuildFile section */
		F56F94A9285EAD3900CFBC5E /* Persistacne_lecture_15.md in Resources */ = {isa = PBXBuildFile; fileRef = F56F94A8285EAD3900CFBC5E /* Persistacne_lecture_15.md */; };
		F56F94AB285EAF8600CFBC5E /* CoreDataFeedStoreTests.swift in Sources */ = {isa = PBXBuildFile; fileRef = F56F94AA285EAF8600CFBC5E /* CoreDataFeedStoreTests.swift */; };
		F56F94AD285EB01A00CFBC5E /* CoreDataFeedStore.swift in Sources */ = {isa = PBXBuildFile; fileRef = F56F94AC285EB01A00CFBC5E /* CoreDataFeedStore.swift */; };
		F56F94B3285EB31900CFBC5E /* FeedStore.xcdatamodeld in Sources */ = {isa = PBXBuildFile; fileRef = F56F94B1285EB31900CFBC5E /* FeedStore.xcdatamodeld */; };
		F56F94B5285ED41600CFBC5E /* CoreDataHelpers.swift in Sources */ = {isa = PBXBuildFile; fileRef = F56F94B4285ED41600CFBC5E /* CoreDataHelpers.swift */; };
		F56F94B7285ED41F00CFBC5E /* ManagedCache.swift in Sources */ = {isa = PBXBuildFile; fileRef = F56F94B6285ED41F00CFBC5E /* ManagedCache.swift */; };
		F56F94B9285ED45100CFBC5E /* ManagedFeedImage.swift in Sources */ = {isa = PBXBuildFile; fileRef = F56F94B8285ED45100CFBC5E /* ManagedFeedImage.swift */; };
		F570DBA7284DBED8000ADC03 /* Screenshot 2022-06-06 at 10.18.50 AM.png in Resources */ = {isa = PBXBuildFile; fileRef = F570DBA6284DBED8000ADC03 /* Screenshot 2022-06-06 at 10.18.50 AM.png */; };
		F586E6C828410FDB00E219D2 /* README.md in Resources */ = {isa = PBXBuildFile; fileRef = F586E6C728410FDB00E219D2 /* README.md */; };
		F5AEE6EC284C4439004D7655 /* URLSessionHTTPClientTests.swift in Sources */ = {isa = PBXBuildFile; fileRef = F5AEE6EB284C4439004D7655 /* URLSessionHTTPClientTests.swift */; };
		F5AEE6EE284C8A0F004D7655 /* URLSessionClientWithURLProtocolTests.swift in Sources */ = {isa = PBXBuildFile; fileRef = F5AEE6ED284C8A0F004D7655 /* URLSessionClientWithURLProtocolTests.swift */; };
		F5AEE6F1284C9626004D7655 /* HTTPClient.md in Resources */ = {isa = PBXBuildFile; fileRef = F5AEE6F0284C9626004D7655 /* HTTPClient.md */; };
		F5AEE6F4284CB3CB004D7655 /* SCTestCase+MemoryLeakTracking.swift in Sources */ = {isa = PBXBuildFile; fileRef = F5AEE6F3284CB3CB004D7655 /* SCTestCase+MemoryLeakTracking.swift */; };
		F5AEE6F6284CD4BD004D7655 /* URLSessionHTTPClient.swift in Sources */ = {isa = PBXBuildFile; fileRef = F5AEE6F5284CD4BD004D7655 /* URLSessionHTTPClient.swift */; };
		F5B1BCED285ACE2600AA9D75 /* LocalFeedLoader.swift in Sources */ = {isa = PBXBuildFile; fileRef = F5B1BCEC285ACE2600AA9D75 /* LocalFeedLoader.swift */; };
		F5B1BCEF285ACE8900AA9D75 /* FeedStore.swift in Sources */ = {isa = PBXBuildFile; fileRef = F5B1BCEE285ACE8900AA9D75 /* FeedStore.swift */; };
		F5B1BCF1285AD16900AA9D75 /* Cache-dependency.png in Resources */ = {isa = PBXBuildFile; fileRef = F5B1BCF0285AD16900AA9D75 /* Cache-dependency.png */; };
		F5B1BCF3285ADB3B00AA9D75 /* after data_transfer_objtec.png in Resources */ = {isa = PBXBuildFile; fileRef = F5B1BCF2285ADB3B00AA9D75 /* after data_transfer_objtec.png */; };
		F5B1BCF5285ADB7F00AA9D75 /* RemoteFeedItem.swift in Sources */ = {isa = PBXBuildFile; fileRef = F5B1BCF4285ADB7F00AA9D75 /* RemoteFeedItem.swift */; };
		F5B1BCF7285ADBC200AA9D75 /* LocalFeedImage.swift in Sources */ = {isa = PBXBuildFile; fileRef = F5B1BCF6285ADBC200AA9D75 /* LocalFeedImage.swift */; };
		F5B1BCF9285B10F800AA9D75 /* LoadFeedFromCacheUseCaseTests.swift in Sources */ = {isa = PBXBuildFile; fileRef = F5B1BCF8285B10F800AA9D75 /* LoadFeedFromCacheUseCaseTests.swift */; };
		F5B1BCFC285B12AC00AA9D75 /* FeedStoreSpy.swift in Sources */ = {isa = PBXBuildFile; fileRef = F5B1BCFB285B12AC00AA9D75 /* FeedStoreSpy.swift */; };
		F5B1BCFE285B255200AA9D75 /* PersistanceModuleLeaning.md in Resources */ = {isa = PBXBuildFile; fileRef = F5B1BCFD285B255200AA9D75 /* PersistanceModuleLeaning.md */; };
		F5B1BD00285B271D00AA9D75 /* Persistance_lecture_5.md in Resources */ = {isa = PBXBuildFile; fileRef = F5B1BCFF285B271D00AA9D75 /* Persistance_lecture_5.md */; };
		F5B1BD04285B27C500AA9D75 /* Persistance_lecture_4.md in Resources */ = {isa = PBXBuildFile; fileRef = F5B1BD03285B27C500AA9D75 /* Persistance_lecture_4.md */; };
		F5B1BD06285B27E600AA9D75 /* Persistance_lecture_6.md in Sources */ = {isa = PBXBuildFile; fileRef = F5B1BD05285B27E600AA9D75 /* Persistance_lecture_6.md */; };
		F5B1BD08285B288A00AA9D75 /* Persistance_lecture_3.md in Resources */ = {isa = PBXBuildFile; fileRef = F5B1BD07285B288A00AA9D75 /* Persistance_lecture_3.md */; };
		F5B1BD0A285B297900AA9D75 /* Persistance_lecture_2.md in Resources */ = {isa = PBXBuildFile; fileRef = F5B1BD09285B297900AA9D75 /* Persistance_lecture_2.md */; };
		F5B1BD0C285B537F00AA9D75 /* Persistance_lecture_7.md in Sources */ = {isa = PBXBuildFile; fileRef = F5B1BD0B285B537F00AA9D75 /* Persistance_lecture_7.md */; };
		F5B87CD8283F5C5C00D86464 /* AppDelegate.swift in Sources */ = {isa = PBXBuildFile; fileRef = F5B87CD7283F5C5C00D86464 /* AppDelegate.swift */; };
		F5B87CDA283F5C5C00D86464 /* SceneDelegate.swift in Sources */ = {isa = PBXBuildFile; fileRef = F5B87CD9283F5C5C00D86464 /* SceneDelegate.swift */; };
		F5B87CDC283F5C5C00D86464 /* ViewController.swift in Sources */ = {isa = PBXBuildFile; fileRef = F5B87CDB283F5C5C00D86464 /* ViewController.swift */; };
		F5B87CDF283F5C5C00D86464 /* Main.storyboard in Resources */ = {isa = PBXBuildFile; fileRef = F5B87CDD283F5C5C00D86464 /* Main.storyboard */; };
		F5B87CE1283F5C5F00D86464 /* Assets.xcassets in Resources */ = {isa = PBXBuildFile; fileRef = F5B87CE0283F5C5F00D86464 /* Assets.xcassets */; };
		F5B87CE4283F5C5F00D86464 /* LaunchScreen.storyboard in Resources */ = {isa = PBXBuildFile; fileRef = F5B87CE2283F5C5F00D86464 /* LaunchScreen.storyboard */; };
		F5B87CF9283F5C5F00D86464 /* EssentialFeedRevisedUITests.swift in Sources */ = {isa = PBXBuildFile; fileRef = F5B87CF8283F5C5F00D86464 /* EssentialFeedRevisedUITests.swift */; };
		F5B87CFB283F5C5F00D86464 /* EssentialFeedRevisedUITestsLaunchTests.swift in Sources */ = {isa = PBXBuildFile; fileRef = F5B87CFA283F5C5F00D86464 /* EssentialFeedRevisedUITestsLaunchTests.swift */; };
		F5B87D09283F5CBC00D86464 /* FeedImage.swift in Sources */ = {isa = PBXBuildFile; fileRef = F5B87D08283F5CBC00D86464 /* FeedImage.swift */; };
		F5B87D0B283F5CC600D86464 /* FeedLoader.swift in Sources */ = {isa = PBXBuildFile; fileRef = F5B87D0A283F5CC600D86464 /* FeedLoader.swift */; };
		F5B87D0D283F5DCA00D86464 /* LoadFeedFromRemoteUseCaseTests.swift in Sources */ = {isa = PBXBuildFile; fileRef = F5B87D0C283F5DCA00D86464 /* LoadFeedFromRemoteUseCaseTests.swift */; };
		F5B87D10283F7FB900D86464 /* RemoteFeedLoader.swift in Sources */ = {isa = PBXBuildFile; fileRef = F5B87D0F283F7FB900D86464 /* RemoteFeedLoader.swift */; };
		F5B9B263284F0A4800ADA20C /* Screenshot 2022-06-06 at 10.23.32 AM.png in Resources */ = {isa = PBXBuildFile; fileRef = F5B9B262284F0A4800ADA20C /* Screenshot 2022-06-06 at 10.23.32 AM.png */; };
		F5B9B26B284F0BB100ADA20C /* EssentialFeedApiEndToEndTests.swift in Sources */ = {isa = PBXBuildFile; fileRef = F5B9B26A284F0BB100ADA20C /* EssentialFeedApiEndToEndTests.swift */; };
		F5B9B271284F0C2600ADA20C /* SCTestCase+MemoryLeakTracking.swift in Sources */ = {isa = PBXBuildFile; fileRef = F5AEE6F3284CB3CB004D7655 /* SCTestCase+MemoryLeakTracking.swift */; };
		F5B9B273284F0E5D00ADA20C /* feed-case-study-test-api-feed.json in Resources */ = {isa = PBXBuildFile; fileRef = F5B9B272284F0E5D00ADA20C /* feed-case-study-test-api-feed.json */; };
		F5D5074128505EE900B16343 /* Narrative.md in Resources */ = {isa = PBXBuildFile; fileRef = F5D5074028505EE900B16343 /* Narrative.md */; };
		F5D5C5E82845C484006FA1B0 /* HTTPClient.swift in Sources */ = {isa = PBXBuildFile; fileRef = F5D5C5E72845C484006FA1B0 /* HTTPClient.swift */; };
		F5D5C5EB2845C580006FA1B0 /* FeedItemsMapper.swift in Sources */ = {isa = PBXBuildFile; fileRef = F5D5C5EA2845C580006FA1B0 /* FeedItemsMapper.swift */; };
		F5D5D777285D722C007493F4 /* Screenshot 2022-06-18 at 8.04.41 AM.png in Resources */ = {isa = PBXBuildFile; fileRef = F5D5D775285D722C007493F4 /* Screenshot 2022-06-18 at 8.04.41 AM.png */; };
		F5D5D778285D722C007493F4 /* Screenshot 2022-06-18 at 8.04.30 AM.png in Resources */ = {isa = PBXBuildFile; fileRef = F5D5D776285D722C007493F4 /* Screenshot 2022-06-18 at 8.04.30 AM.png */; };
		F5D5D77A285DA339007493F4 /* CodableFeedStore.swift in Sources */ = {isa = PBXBuildFile; fileRef = F5D5D779285DA339007493F4 /* CodableFeedStore.swift */; };
		F5D5D77E285DA419007493F4 /* Persistacne_lecture_12.md in Resources */ = {isa = PBXBuildFile; fileRef = F5D5D77D285DA419007493F4 /* Persistacne_lecture_12.md */; };
		F5D5D782285DA614007493F4 /* Screenshot 2022-06-18 at 11.49.26 AM.png in Resources */ = {isa = PBXBuildFile; fileRef = F5D5D780285DA614007493F4 /* Screenshot 2022-06-18 at 11.49.26 AM.png */; };
		F5D5D783285DA614007493F4 /* Screenshot 2022-06-18 at 11.49.20 AM.png in Resources */ = {isa = PBXBuildFile; fileRef = F5D5D781285DA614007493F4 /* Screenshot 2022-06-18 at 11.49.20 AM.png */; };
		F5D5D787285DCAFD007493F4 /* Persistance_lecture_13_storeCheckList3.md in Resources */ = {isa = PBXBuildFile; fileRef = F5D5D786285DCAFD007493F4 /* Persistance_lecture_13_storeCheckList3.md */; };
		F5D5D789285DD572007493F4 /* Persistance_lecture_14.md in Resources */ = {isa = PBXBuildFile; fileRef = F5D5D788285DD572007493F4 /* Persistance_lecture_14.md */; };
		F5D5D78B285DE05C007493F4 /* FeedStoreSpecs.swift in Sources */ = {isa = PBXBuildFile; fileRef = F5D5D78A285DE05C007493F4 /* FeedStoreSpecs.swift */; };
		F5D5D78D285DE108007493F4 /* XCTestCase+FeedStoreSpecs.swift in Sources */ = {isa = PBXBuildFile; fileRef = F5D5D78C285DE108007493F4 /* XCTestCase+FeedStoreSpecs.swift */; };
		F5D5D791285DE7EC007493F4 /* Screenshot 2022-06-18 at 4.19.46 PM.png in Resources */ = {isa = PBXBuildFile; fileRef = F5D5D78F285DE7EC007493F4 /* Screenshot 2022-06-18 at 4.19.46 PM.png */; };
		F5D5D792285DE7EC007493F4 /* Screenshot 2022-06-18 at 4.20.04 PM.png in Resources */ = {isa = PBXBuildFile; fileRef = F5D5D790285DE7EC007493F4 /* Screenshot 2022-06-18 at 4.20.04 PM.png */; };
		F5D5D794285DE88B007493F4 /* XCTestCase+FailableDeleteFeedStoreSpecs.swift in Sources */ = {isa = PBXBuildFile; fileRef = F5D5D793285DE88B007493F4 /* XCTestCase+FailableDeleteFeedStoreSpecs.swift */; };
		F5D5D796285DED9F007493F4 /* XCTestCase+FailableRetrieveFeedStoreSpecs.swift in Sources */ = {isa = PBXBuildFile; fileRef = F5D5D795285DED9F007493F4 /* XCTestCase+FailableRetrieveFeedStoreSpecs.swift */; };
		F5D5D798285DEDD5007493F4 /* SCTestCase+FailableInsertFeedStoreSpecs.swift in Sources */ = {isa = PBXBuildFile; fileRef = F5D5D797285DEDD5007493F4 /* SCTestCase+FailableInsertFeedStoreSpecs.swift */; };
		F5DA76C82859675F00AA1586 /* CacheFeedUseCaseTests.swift in Sources */ = {isa = PBXBuildFile; fileRef = F5DA76C72859675F00AA1586 /* CacheFeedUseCaseTests.swift */; };
		F5DA76D62859E5C900AA1586 /* EssentialFeediOS.framework in Frameworks */ = {isa = PBXBuildFile; fileRef = F5DA76CE2859E5C900AA1586 /* EssentialFeediOS.framework */; };
		F5DCB315285C21C9003C9547 /* ValidateFeedCacheUseCaseTests.swift in Sources */ = {isa = PBXBuildFile; fileRef = F5DCB314285C21C9003C9547 /* ValidateFeedCacheUseCaseTests.swift */; };
		F5DCB317285C2698003C9547 /* FeedCacheTestHelper.swift in Sources */ = {isa = PBXBuildFile; fileRef = F5DCB316285C2698003C9547 /* FeedCacheTestHelper.swift */; };
		F5DCB319285C273D003C9547 /* SharedTestHelpers.swift in Sources */ = {isa = PBXBuildFile; fileRef = F5DCB318285C273D003C9547 /* SharedTestHelpers.swift */; };
		F5DCB31B285C2E0A003C9547 /* Persistance_lecture_8.md in Sources */ = {isa = PBXBuildFile; fileRef = F5DCB31A285C2E0A003C9547 /* Persistance_lecture_8.md */; };
		F5DCB31D285C4998003C9547 /* Persistance_lecture_9_testWithSideEffectsInNewFile.md in Resources */ = {isa = PBXBuildFile; fileRef = F5DCB31C285C4998003C9547 /* Persistance_lecture_9_testWithSideEffectsInNewFile.md */; };
		F5DCB31F285C5614003C9547 /* FeedCachePolicy.swift in Sources */ = {isa = PBXBuildFile; fileRef = F5DCB31E285C5614003C9547 /* FeedCachePolicy.swift */; };
		F5DCB323285C9A84003C9547 /* Core_boundary_infra.png in Resources */ = {isa = PBXBuildFile; fileRef = F5DCB322285C9A84003C9547 /* Core_boundary_infra.png */; };
		F5DCB325285C9AAD003C9547 /* Core_bounrady_infra.logo.png in Resources */ = {isa = PBXBuildFile; fileRef = F5DCB324285C9AAD003C9547 /* Core_bounrady_infra.logo.png */; };
		F5DCB327285C9C3B003C9547 /* Persistance_lecture_10.md in Resources */ = {isa = PBXBuildFile; fileRef = F5DCB326285C9C3B003C9547 /* Persistance_lecture_10.md */; };
		F5DCB329285CAB8A003C9547 /* CodableFeedStoreTests.swift in Sources */ = {isa = PBXBuildFile; fileRef = F5DCB328285CAB8A003C9547 /* CodableFeedStoreTests.swift */; };
		F5DCB32D285CB7A3003C9547 /* Persistance_lecture_11.md in Resources */ = {isa = PBXBuildFile; fileRef = F5DCB32C285CB7A3003C9547 /* Persistance_lecture_11.md */; };
/* End PBXBuildFile section */

/* Begin PBXContainerItemProxy section */
		F5B87CEB283F5C5F00D86464 /* PBXContainerItemProxy */ = {
			isa = PBXContainerItemProxy;
			containerPortal = F5B87CCC283F5C5C00D86464 /* Project object */;
			proxyType = 1;
			remoteGlobalIDString = F5B87CD3283F5C5C00D86464;
			remoteInfo = EssentialFeedRevised;
		};
		F5B87CF5283F5C5F00D86464 /* PBXContainerItemProxy */ = {
			isa = PBXContainerItemProxy;
			containerPortal = F5B87CCC283F5C5C00D86464 /* Project object */;
			proxyType = 1;
			remoteGlobalIDString = F5B87CD3283F5C5C00D86464;
			remoteInfo = EssentialFeedRevised;
		};
		F5B9B26C284F0BB100ADA20C /* PBXContainerItemProxy */ = {
			isa = PBXContainerItemProxy;
			containerPortal = F5B87CCC283F5C5C00D86464 /* Project object */;
			proxyType = 1;
			remoteGlobalIDString = F5B87CD3283F5C5C00D86464;
			remoteInfo = EssentialFeedRevised;
		};
		F5DA76D72859E5C900AA1586 /* PBXContainerItemProxy */ = {
			isa = PBXContainerItemProxy;
			containerPortal = F5B87CCC283F5C5C00D86464 /* Project object */;
			proxyType = 1;
			remoteGlobalIDString = F5DA76CD2859E5C900AA1586;
			remoteInfo = EssentialFeediOS;
		};
/* End PBXContainerItemProxy section */

/* Begin PBXFileReference section */
		F56F94A8285EAD3900CFBC5E /* Persistacne_lecture_15.md */ = {isa = PBXFileReference; lastKnownFileType = net.daringfireball.markdown; path = Persistacne_lecture_15.md; sourceTree = "<group>"; };
		F56F94AA285EAF8600CFBC5E /* CoreDataFeedStoreTests.swift */ = {isa = PBXFileReference; lastKnownFileType = sourcecode.swift; path = CoreDataFeedStoreTests.swift; sourceTree = "<group>"; };
		F56F94AC285EB01A00CFBC5E /* CoreDataFeedStore.swift */ = {isa = PBXFileReference; lastKnownFileType = sourcecode.swift; path = CoreDataFeedStore.swift; sourceTree = "<group>"; };
		F56F94B2285EB31900CFBC5E /* FeedStore.xcdatamodel */ = {isa = PBXFileReference; lastKnownFileType = wrapper.xcdatamodel; path = FeedStore.xcdatamodel; sourceTree = "<group>"; };
		F56F94B4285ED41600CFBC5E /* CoreDataHelpers.swift */ = {isa = PBXFileReference; lastKnownFileType = sourcecode.swift; path = CoreDataHelpers.swift; sourceTree = "<group>"; };
		F56F94B6285ED41F00CFBC5E /* ManagedCache.swift */ = {isa = PBXFileReference; lastKnownFileType = sourcecode.swift; path = ManagedCache.swift; sourceTree = "<group>"; };
		F56F94B8285ED45100CFBC5E /* ManagedFeedImage.swift */ = {isa = PBXFileReference; lastKnownFileType = sourcecode.swift; path = ManagedFeedImage.swift; sourceTree = "<group>"; };
		F570DBA6284DBED8000ADC03 /* Screenshot 2022-06-06 at 10.18.50 AM.png */ = {isa = PBXFileReference; lastKnownFileType = image.png; path = "Screenshot 2022-06-06 at 10.18.50 AM.png"; sourceTree = "<group>"; };
		F586E6C728410FDB00E219D2 /* README.md */ = {isa = PBXFileReference; lastKnownFileType = net.daringfireball.markdown; path = README.md; sourceTree = "<group>"; };
		F5AEE6EB284C4439004D7655 /* URLSessionHTTPClientTests.swift */ = {isa = PBXFileReference; lastKnownFileType = sourcecode.swift; path = URLSessionHTTPClientTests.swift; sourceTree = "<group>"; };
		F5AEE6ED284C8A0F004D7655 /* URLSessionClientWithURLProtocolTests.swift */ = {isa = PBXFileReference; lastKnownFileType = sourcecode.swift; path = URLSessionClientWithURLProtocolTests.swift; sourceTree = "<group>"; };
		F5AEE6F0284C9626004D7655 /* HTTPClient.md */ = {isa = PBXFileReference; lastKnownFileType = net.daringfireball.markdown; path = HTTPClient.md; sourceTree = "<group>"; };
		F5AEE6F3284CB3CB004D7655 /* SCTestCase+MemoryLeakTracking.swift */ = {isa = PBXFileReference; lastKnownFileType = sourcecode.swift; path = "SCTestCase+MemoryLeakTracking.swift"; sourceTree = "<group>"; };
		F5AEE6F5284CD4BD004D7655 /* URLSessionHTTPClient.swift */ = {isa = PBXFileReference; lastKnownFileType = sourcecode.swift; path = URLSessionHTTPClient.swift; sourceTree = "<group>"; };
		F5B1BCEC285ACE2600AA9D75 /* LocalFeedLoader.swift */ = {isa = PBXFileReference; lastKnownFileType = sourcecode.swift; path = LocalFeedLoader.swift; sourceTree = "<group>"; };
		F5B1BCEE285ACE8900AA9D75 /* FeedStore.swift */ = {isa = PBXFileReference; lastKnownFileType = sourcecode.swift; path = FeedStore.swift; sourceTree = "<group>"; };
		F5B1BCF0285AD16900AA9D75 /* Cache-dependency.png */ = {isa = PBXFileReference; lastKnownFileType = image.png; path = "Cache-dependency.png"; sourceTree = "<group>"; };
		F5B1BCF2285ADB3B00AA9D75 /* after data_transfer_objtec.png */ = {isa = PBXFileReference; lastKnownFileType = image.png; path = "after data_transfer_objtec.png"; sourceTree = "<group>"; };
		F5B1BCF4285ADB7F00AA9D75 /* RemoteFeedItem.swift */ = {isa = PBXFileReference; lastKnownFileType = sourcecode.swift; path = RemoteFeedItem.swift; sourceTree = "<group>"; };
		F5B1BCF6285ADBC200AA9D75 /* LocalFeedImage.swift */ = {isa = PBXFileReference; lastKnownFileType = sourcecode.swift; path = LocalFeedImage.swift; sourceTree = "<group>"; };
		F5B1BCF8285B10F800AA9D75 /* LoadFeedFromCacheUseCaseTests.swift */ = {isa = PBXFileReference; lastKnownFileType = sourcecode.swift; path = LoadFeedFromCacheUseCaseTests.swift; sourceTree = "<group>"; };
		F5B1BCFB285B12AC00AA9D75 /* FeedStoreSpy.swift */ = {isa = PBXFileReference; lastKnownFileType = sourcecode.swift; path = FeedStoreSpy.swift; sourceTree = "<group>"; };
		F5B1BCFD285B255200AA9D75 /* PersistanceModuleLeaning.md */ = {isa = PBXFileReference; lastKnownFileType = net.daringfireball.markdown; path = PersistanceModuleLeaning.md; sourceTree = "<group>"; };
		F5B1BCFF285B271D00AA9D75 /* Persistance_lecture_5.md */ = {isa = PBXFileReference; lastKnownFileType = net.daringfireball.markdown; path = Persistance_lecture_5.md; sourceTree = "<group>"; };
		F5B1BD03285B27C500AA9D75 /* Persistance_lecture_4.md */ = {isa = PBXFileReference; lastKnownFileType = net.daringfireball.markdown; path = Persistance_lecture_4.md; sourceTree = "<group>"; };
		F5B1BD05285B27E600AA9D75 /* Persistance_lecture_6.md */ = {isa = PBXFileReference; lastKnownFileType = net.daringfireball.markdown; path = Persistance_lecture_6.md; sourceTree = "<group>"; };
		F5B1BD07285B288A00AA9D75 /* Persistance_lecture_3.md */ = {isa = PBXFileReference; lastKnownFileType = net.daringfireball.markdown; path = Persistance_lecture_3.md; sourceTree = "<group>"; };
		F5B1BD09285B297900AA9D75 /* Persistance_lecture_2.md */ = {isa = PBXFileReference; lastKnownFileType = net.daringfireball.markdown; path = Persistance_lecture_2.md; sourceTree = "<group>"; };
		F5B1BD0B285B537F00AA9D75 /* Persistance_lecture_7.md */ = {isa = PBXFileReference; lastKnownFileType = net.daringfireball.markdown; path = Persistance_lecture_7.md; sourceTree = "<group>"; };
		F5B87CD4283F5C5C00D86464 /* EssentialFeedRevised.app */ = {isa = PBXFileReference; explicitFileType = wrapper.application; includeInIndex = 0; path = EssentialFeedRevised.app; sourceTree = BUILT_PRODUCTS_DIR; };
		F5B87CD7283F5C5C00D86464 /* AppDelegate.swift */ = {isa = PBXFileReference; lastKnownFileType = sourcecode.swift; path = AppDelegate.swift; sourceTree = "<group>"; };
		F5B87CD9283F5C5C00D86464 /* SceneDelegate.swift */ = {isa = PBXFileReference; lastKnownFileType = sourcecode.swift; path = SceneDelegate.swift; sourceTree = "<group>"; };
		F5B87CDB283F5C5C00D86464 /* ViewController.swift */ = {isa = PBXFileReference; lastKnownFileType = sourcecode.swift; path = ViewController.swift; sourceTree = "<group>"; };
		F5B87CDE283F5C5C00D86464 /* Base */ = {isa = PBXFileReference; lastKnownFileType = file.storyboard; name = Base; path = Base.lproj/Main.storyboard; sourceTree = "<group>"; };
		F5B87CE0283F5C5F00D86464 /* Assets.xcassets */ = {isa = PBXFileReference; lastKnownFileType = folder.assetcatalog; path = Assets.xcassets; sourceTree = "<group>"; };
		F5B87CE3283F5C5F00D86464 /* Base */ = {isa = PBXFileReference; lastKnownFileType = file.storyboard; name = Base; path = Base.lproj/LaunchScreen.storyboard; sourceTree = "<group>"; };
		F5B87CE5283F5C5F00D86464 /* Info.plist */ = {isa = PBXFileReference; lastKnownFileType = text.plist.xml; path = Info.plist; sourceTree = "<group>"; };
		F5B87CEA283F5C5F00D86464 /* EssentialFeedRevisedTests.xctest */ = {isa = PBXFileReference; explicitFileType = wrapper.cfbundle; includeInIndex = 0; path = EssentialFeedRevisedTests.xctest; sourceTree = BUILT_PRODUCTS_DIR; };
		F5B87CF4283F5C5F00D86464 /* EssentialFeedRevisedUITests.xctest */ = {isa = PBXFileReference; explicitFileType = wrapper.cfbundle; includeInIndex = 0; path = EssentialFeedRevisedUITests.xctest; sourceTree = BUILT_PRODUCTS_DIR; };
		F5B87CF8283F5C5F00D86464 /* EssentialFeedRevisedUITests.swift */ = {isa = PBXFileReference; lastKnownFileType = sourcecode.swift; path = EssentialFeedRevisedUITests.swift; sourceTree = "<group>"; };
		F5B87CFA283F5C5F00D86464 /* EssentialFeedRevisedUITestsLaunchTests.swift */ = {isa = PBXFileReference; lastKnownFileType = sourcecode.swift; path = EssentialFeedRevisedUITestsLaunchTests.swift; sourceTree = "<group>"; };
		F5B87D08283F5CBC00D86464 /* FeedImage.swift */ = {isa = PBXFileReference; lastKnownFileType = sourcecode.swift; path = FeedImage.swift; sourceTree = "<group>"; };
		F5B87D0A283F5CC600D86464 /* FeedLoader.swift */ = {isa = PBXFileReference; lastKnownFileType = sourcecode.swift; path = FeedLoader.swift; sourceTree = "<group>"; };
		F5B87D0C283F5DCA00D86464 /* LoadFeedFromRemoteUseCaseTests.swift */ = {isa = PBXFileReference; lastKnownFileType = sourcecode.swift; path = LoadFeedFromRemoteUseCaseTests.swift; sourceTree = "<group>"; };
		F5B87D0F283F7FB900D86464 /* RemoteFeedLoader.swift */ = {isa = PBXFileReference; lastKnownFileType = sourcecode.swift; path = RemoteFeedLoader.swift; sourceTree = "<group>"; };
		F5B9B262284F0A4800ADA20C /* Screenshot 2022-06-06 at 10.23.32 AM.png */ = {isa = PBXFileReference; lastKnownFileType = image.png; path = "Screenshot 2022-06-06 at 10.23.32 AM.png"; sourceTree = "<group>"; };
		F5B9B268284F0BB100ADA20C /* EssentialFeedApiEndToEndTests.xctest */ = {isa = PBXFileReference; explicitFileType = wrapper.cfbundle; includeInIndex = 0; path = EssentialFeedApiEndToEndTests.xctest; sourceTree = BUILT_PRODUCTS_DIR; };
		F5B9B26A284F0BB100ADA20C /* EssentialFeedApiEndToEndTests.swift */ = {isa = PBXFileReference; lastKnownFileType = sourcecode.swift; path = EssentialFeedApiEndToEndTests.swift; sourceTree = "<group>"; };
		F5B9B272284F0E5D00ADA20C /* feed-case-study-test-api-feed.json */ = {isa = PBXFileReference; fileEncoding = 4; lastKnownFileType = text.json; path = "feed-case-study-test-api-feed.json"; sourceTree = "<group>"; };
		F5D5074028505EE900B16343 /* Narrative.md */ = {isa = PBXFileReference; lastKnownFileType = net.daringfireball.markdown; path = Narrative.md; sourceTree = "<group>"; };
		F5D5C5E72845C484006FA1B0 /* HTTPClient.swift */ = {isa = PBXFileReference; lastKnownFileType = sourcecode.swift; path = HTTPClient.swift; sourceTree = "<group>"; };
		F5D5C5EA2845C580006FA1B0 /* FeedItemsMapper.swift */ = {isa = PBXFileReference; lastKnownFileType = sourcecode.swift; path = FeedItemsMapper.swift; sourceTree = "<group>"; };
		F5D5D775285D722C007493F4 /* Screenshot 2022-06-18 at 8.04.41 AM.png */ = {isa = PBXFileReference; lastKnownFileType = image.png; path = "Screenshot 2022-06-18 at 8.04.41 AM.png"; sourceTree = "<group>"; };
		F5D5D776285D722C007493F4 /* Screenshot 2022-06-18 at 8.04.30 AM.png */ = {isa = PBXFileReference; lastKnownFileType = image.png; path = "Screenshot 2022-06-18 at 8.04.30 AM.png"; sourceTree = "<group>"; };
		F5D5D779285DA339007493F4 /* CodableFeedStore.swift */ = {isa = PBXFileReference; lastKnownFileType = sourcecode.swift; path = CodableFeedStore.swift; sourceTree = "<group>"; };
		F5D5D77D285DA419007493F4 /* Persistacne_lecture_12.md */ = {isa = PBXFileReference; lastKnownFileType = net.daringfireball.markdown; path = Persistacne_lecture_12.md; sourceTree = "<group>"; };
		F5D5D780285DA614007493F4 /* Screenshot 2022-06-18 at 11.49.26 AM.png */ = {isa = PBXFileReference; lastKnownFileType = image.png; path = "Screenshot 2022-06-18 at 11.49.26 AM.png"; sourceTree = "<group>"; };
		F5D5D781285DA614007493F4 /* Screenshot 2022-06-18 at 11.49.20 AM.png */ = {isa = PBXFileReference; lastKnownFileType = image.png; path = "Screenshot 2022-06-18 at 11.49.20 AM.png"; sourceTree = "<group>"; };
		F5D5D786285DCAFD007493F4 /* Persistance_lecture_13_storeCheckList3.md */ = {isa = PBXFileReference; lastKnownFileType = net.daringfireball.markdown; path = Persistance_lecture_13_storeCheckList3.md; sourceTree = "<group>"; };
		F5D5D788285DD572007493F4 /* Persistance_lecture_14.md */ = {isa = PBXFileReference; lastKnownFileType = net.daringfireball.markdown; path = Persistance_lecture_14.md; sourceTree = "<group>"; };
		F5D5D78A285DE05C007493F4 /* FeedStoreSpecs.swift */ = {isa = PBXFileReference; lastKnownFileType = sourcecode.swift; path = FeedStoreSpecs.swift; sourceTree = "<group>"; };
		F5D5D78C285DE108007493F4 /* XCTestCase+FeedStoreSpecs.swift */ = {isa = PBXFileReference; lastKnownFileType = sourcecode.swift; path = "XCTestCase+FeedStoreSpecs.swift"; sourceTree = "<group>"; };
		F5D5D78F285DE7EC007493F4 /* Screenshot 2022-06-18 at 4.19.46 PM.png */ = {isa = PBXFileReference; lastKnownFileType = image.png; path = "Screenshot 2022-06-18 at 4.19.46 PM.png"; sourceTree = "<group>"; };
		F5D5D790285DE7EC007493F4 /* Screenshot 2022-06-18 at 4.20.04 PM.png */ = {isa = PBXFileReference; lastKnownFileType = image.png; path = "Screenshot 2022-06-18 at 4.20.04 PM.png"; sourceTree = "<group>"; };
		F5D5D793285DE88B007493F4 /* XCTestCase+FailableDeleteFeedStoreSpecs.swift */ = {isa = PBXFileReference; lastKnownFileType = sourcecode.swift; path = "XCTestCase+FailableDeleteFeedStoreSpecs.swift"; sourceTree = "<group>"; };
		F5D5D795285DED9F007493F4 /* XCTestCase+FailableRetrieveFeedStoreSpecs.swift */ = {isa = PBXFileReference; lastKnownFileType = sourcecode.swift; path = "XCTestCase+FailableRetrieveFeedStoreSpecs.swift"; sourceTree = "<group>"; };
		F5D5D797285DEDD5007493F4 /* SCTestCase+FailableInsertFeedStoreSpecs.swift */ = {isa = PBXFileReference; lastKnownFileType = sourcecode.swift; path = "SCTestCase+FailableInsertFeedStoreSpecs.swift"; sourceTree = "<group>"; };
		F5DA76C72859675F00AA1586 /* CacheFeedUseCaseTests.swift */ = {isa = PBXFileReference; lastKnownFileType = sourcecode.swift; path = CacheFeedUseCaseTests.swift; sourceTree = "<group>"; };
		F5DA76CE2859E5C900AA1586 /* EssentialFeediOS.framework */ = {isa = PBXFileReference; explicitFileType = wrapper.framework; includeInIndex = 0; path = EssentialFeediOS.framework; sourceTree = BUILT_PRODUCTS_DIR; };
		F5DA76D52859E5C900AA1586 /* EssentialFeediOSTests.xctest */ = {isa = PBXFileReference; explicitFileType = wrapper.cfbundle; includeInIndex = 0; path = EssentialFeediOSTests.xctest; sourceTree = BUILT_PRODUCTS_DIR; };
		F5DCB314285C21C9003C9547 /* ValidateFeedCacheUseCaseTests.swift */ = {isa = PBXFileReference; lastKnownFileType = sourcecode.swift; path = ValidateFeedCacheUseCaseTests.swift; sourceTree = "<group>"; };
		F5DCB316285C2698003C9547 /* FeedCacheTestHelper.swift */ = {isa = PBXFileReference; lastKnownFileType = sourcecode.swift; path = FeedCacheTestHelper.swift; sourceTree = "<group>"; };
		F5DCB318285C273D003C9547 /* SharedTestHelpers.swift */ = {isa = PBXFileReference; lastKnownFileType = sourcecode.swift; path = SharedTestHelpers.swift; sourceTree = "<group>"; };
		F5DCB31A285C2E0A003C9547 /* Persistance_lecture_8.md */ = {isa = PBXFileReference; lastKnownFileType = net.daringfireball.markdown; path = Persistance_lecture_8.md; sourceTree = "<group>"; };
		F5DCB31C285C4998003C9547 /* Persistance_lecture_9_testWithSideEffectsInNewFile.md */ = {isa = PBXFileReference; lastKnownFileType = net.daringfireball.markdown; path = Persistance_lecture_9_testWithSideEffectsInNewFile.md; sourceTree = "<group>"; };
		F5DCB31E285C5614003C9547 /* FeedCachePolicy.swift */ = {isa = PBXFileReference; lastKnownFileType = sourcecode.swift; path = FeedCachePolicy.swift; sourceTree = "<group>"; };
		F5DCB322285C9A84003C9547 /* Core_boundary_infra.png */ = {isa = PBXFileReference; lastKnownFileType = image.png; path = Core_boundary_infra.png; sourceTree = "<group>"; };
		F5DCB324285C9AAD003C9547 /* Core_bounrady_infra.logo.png */ = {isa = PBXFileReference; lastKnownFileType = image.png; path = Core_bounrady_infra.logo.png; sourceTree = "<group>"; };
		F5DCB326285C9C3B003C9547 /* Persistance_lecture_10.md */ = {isa = PBXFileReference; lastKnownFileType = net.daringfireball.markdown; path = Persistance_lecture_10.md; sourceTree = "<group>"; };
		F5DCB328285CAB8A003C9547 /* CodableFeedStoreTests.swift */ = {isa = PBXFileReference; lastKnownFileType = sourcecode.swift; path = CodableFeedStoreTests.swift; sourceTree = "<group>"; };
		F5DCB32C285CB7A3003C9547 /* Persistance_lecture_11.md */ = {isa = PBXFileReference; lastKnownFileType = net.daringfireball.markdown; path = Persistance_lecture_11.md; sourceTree = "<group>"; };
/* End PBXFileReference section */

/* Begin PBXFrameworksBuildPhase section */
		F5B87CD1283F5C5C00D86464 /* Frameworks */ = {
			isa = PBXFrameworksBuildPhase;
			buildActionMask = 2147483647;
			files = (
			);
			runOnlyForDeploymentPostprocessing = 0;
		};
		F5B87CE7283F5C5F00D86464 /* Frameworks */ = {
			isa = PBXFrameworksBuildPhase;
			buildActionMask = 2147483647;
			files = (
			);
			runOnlyForDeploymentPostprocessing = 0;
		};
		F5B87CF1283F5C5F00D86464 /* Frameworks */ = {
			isa = PBXFrameworksBuildPhase;
			buildActionMask = 2147483647;
			files = (
			);
			runOnlyForDeploymentPostprocessing = 0;
		};
		F5B9B265284F0BB100ADA20C /* Frameworks */ = {
			isa = PBXFrameworksBuildPhase;
			buildActionMask = 2147483647;
			files = (
			);
			runOnlyForDeploymentPostprocessing = 0;
		};
		F5DA76CB2859E5C900AA1586 /* Frameworks */ = {
			isa = PBXFrameworksBuildPhase;
			buildActionMask = 2147483647;
			files = (
			);
			runOnlyForDeploymentPostprocessing = 0;
		};
		F5DA76D22859E5C900AA1586 /* Frameworks */ = {
			isa = PBXFrameworksBuildPhase;
			buildActionMask = 2147483647;
			files = (
				F5DA76D62859E5C900AA1586 /* EssentialFeediOS.framework in Frameworks */,
			);
			runOnlyForDeploymentPostprocessing = 0;
		};
/* End PBXFrameworksBuildPhase section */

/* Begin PBXGroup section */
		F56F94AE285EB2D200CFBC5E /* Infrastructure */ = {
			isa = PBXGroup;
			children = (
				F56F94B0285EB2F200CFBC5E /* CoreData */,
				F56F94AF285EB2E800CFBC5E /* Codable */,
			);
			path = Infrastructure;
			sourceTree = "<group>";
		};
		F56F94AF285EB2E800CFBC5E /* Codable */ = {
			isa = PBXGroup;
			children = (
				F5D5D779285DA339007493F4 /* CodableFeedStore.swift */,
			);
			path = Codable;
			sourceTree = "<group>";
		};
		F56F94B0285EB2F200CFBC5E /* CoreData */ = {
			isa = PBXGroup;
			children = (
				F56F94BA285ED50400CFBC5E /* FeedStore.xcdatamodeld */,
				F56F94AC285EB01A00CFBC5E /* CoreDataFeedStore.swift */,
				F56F94B4285ED41600CFBC5E /* CoreDataHelpers.swift */,
				F56F94B6285ED41F00CFBC5E /* ManagedCache.swift */,
				F56F94B8285ED45100CFBC5E /* ManagedFeedImage.swift */,
			);
			path = CoreData;
			sourceTree = "<group>";
		};
		F56F94BA285ED50400CFBC5E /* FeedStore.xcdatamodeld */ = {
			isa = PBXGroup;
			children = (
				F56F94B1285EB31900CFBC5E /* FeedStore.xcdatamodeld */,
			);
			path = FeedStore.xcdatamodeld;
			sourceTree = "<group>";
		};
		F570DBA8284DBEDE000ADC03 /* Ref For Persistance Module */ = {
			isa = PBXGroup;
			children = (
				F5B1BCF0285AD16900AA9D75 /* Cache-dependency.png */,
				F5B1BCF2285ADB3B00AA9D75 /* after data_transfer_objtec.png */,
				F570DBA6284DBED8000ADC03 /* Screenshot 2022-06-06 at 10.18.50 AM.png */,
				F5B9B262284F0A4800ADA20C /* Screenshot 2022-06-06 at 10.23.32 AM.png */,
				F5DCB324285C9AAD003C9547 /* Core_bounrady_infra.logo.png */,
				F5DCB322285C9A84003C9547 /* Core_boundary_infra.png */,
				F5B1BD09285B297900AA9D75 /* Persistance_lecture_2.md */,
				F5B1BD07285B288A00AA9D75 /* Persistance_lecture_3.md */,
				F5B1BD03285B27C500AA9D75 /* Persistance_lecture_4.md */,
				F5B1BCFF285B271D00AA9D75 /* Persistance_lecture_5.md */,
				F5B1BD05285B27E600AA9D75 /* Persistance_lecture_6.md */,
				F5B1BD0B285B537F00AA9D75 /* Persistance_lecture_7.md */,
				F5DCB31A285C2E0A003C9547 /* Persistance_lecture_8.md */,
				F5DCB31C285C4998003C9547 /* Persistance_lecture_9_testWithSideEffectsInNewFile.md */,
				F5D5D774285D720F007493F4 /* Persistance-lecture_10_11_storeCheckList1 */,
				F5D5D77F285DA5F9007493F4 /* Persistance_lecture_12_storeCheckList2 */,
				F5D5D786285DCAFD007493F4 /* Persistance_lecture_13_storeCheckList3.md */,
				F5D5D78E285DE7C6007493F4 /* Persistance_lecture_14_testSpecs */,
			);
			path = "Ref For Persistance Module";
			sourceTree = "<group>";
		};
		F5AEE6F2284CB3A4004D7655 /* Helpers */ = {
			isa = PBXGroup;
			children = (
				F5AEE6F3284CB3CB004D7655 /* SCTestCase+MemoryLeakTracking.swift */,
				F5DCB318285C273D003C9547 /* SharedTestHelpers.swift */,
			);
			path = Helpers;
			sourceTree = "<group>";
		};
		F5B1BCEB285ACE1400AA9D75 /* Feed Cache */ = {
			isa = PBXGroup;
			children = (
				F56F94AE285EB2D200CFBC5E /* Infrastructure */,
				F5B1BCEC285ACE2600AA9D75 /* LocalFeedLoader.swift */,
				F5DCB31E285C5614003C9547 /* FeedCachePolicy.swift */,
				F5B1BCEE285ACE8900AA9D75 /* FeedStore.swift */,
				F5B1BCF6285ADBC200AA9D75 /* LocalFeedImage.swift */,
			);
			path = "Feed Cache";
			sourceTree = "<group>";
		};
		F5B1BCFA285B129F00AA9D75 /* Helper */ = {
			isa = PBXGroup;
			children = (
				F5B1BCFB285B12AC00AA9D75 /* FeedStoreSpy.swift */,
				F5DCB316285C2698003C9547 /* FeedCacheTestHelper.swift */,
			);
			path = Helper;
			sourceTree = "<group>";
		};
		F5B87CCB283F5C5C00D86464 = {
			isa = PBXGroup;
			children = (
				F5B87CD6283F5C5C00D86464 /* EssentialFeedRevised */,
				F5B87CED283F5C5F00D86464 /* EssentialFeedRevisedTests */,
				F5B87CF7283F5C5F00D86464 /* EssentialFeedRevisedUITests */,
				F5B9B269284F0BB100ADA20C /* EssentialFeedApiEndToEndTests */,
				F5DA76CF2859E5C900AA1586 /* EssentialFeediOS */,
				F5DA76D92859E5C900AA1586 /* EssentialFeediOSTests */,
				F5B87CD5283F5C5C00D86464 /* Products */,
			);
			sourceTree = "<group>";
		};
		F5B87CD5283F5C5C00D86464 /* Products */ = {
			isa = PBXGroup;
			children = (
				F5B87CD4283F5C5C00D86464 /* EssentialFeedRevised.app */,
				F5B87CEA283F5C5F00D86464 /* EssentialFeedRevisedTests.xctest */,
				F5B87CF4283F5C5F00D86464 /* EssentialFeedRevisedUITests.xctest */,
				F5B9B268284F0BB100ADA20C /* EssentialFeedApiEndToEndTests.xctest */,
				F5DA76CE2859E5C900AA1586 /* EssentialFeediOS.framework */,
				F5DA76D52859E5C900AA1586 /* EssentialFeediOSTests.xctest */,
			);
			name = Products;
			sourceTree = "<group>";
		};
		F5B87CD6283F5C5C00D86464 /* EssentialFeedRevised */ = {
			isa = PBXGroup;
			children = (
				F586E6C728410FDB00E219D2 /* README.md */,
				F5AEE6F0284C9626004D7655 /* HTTPClient.md */,
				F5D5074028505EE900B16343 /* Narrative.md */,
				F5B1BCFD285B255200AA9D75 /* PersistanceModuleLeaning.md */,
				F5B9B272284F0E5D00ADA20C /* feed-case-study-test-api-feed.json */,
				F570DBA8284DBEDE000ADC03 /* Ref For Persistance Module */,
				F5B87D07283F5CA800D86464 /* Feed Feature */,
				F5B1BCEB285ACE1400AA9D75 /* Feed Cache */,
				F5B87D0E283F7FA900D86464 /* Feed Api */,
				F5B87CD7283F5C5C00D86464 /* AppDelegate.swift */,
				F5B87CD9283F5C5C00D86464 /* SceneDelegate.swift */,
				F5B87CDB283F5C5C00D86464 /* ViewController.swift */,
				F5B87CDD283F5C5C00D86464 /* Main.storyboard */,
				F5B87CE0283F5C5F00D86464 /* Assets.xcassets */,
				F5B87CE2283F5C5F00D86464 /* LaunchScreen.storyboard */,
				F5B87CE5283F5C5F00D86464 /* Info.plist */,
			);
			path = EssentialFeedRevised;
			sourceTree = "<group>";
		};
		F5B87CED283F5C5F00D86464 /* EssentialFeedRevisedTests */ = {
			isa = PBXGroup;
			children = (
				F5AEE6F2284CB3A4004D7655 /* Helpers */,
				F5DA76C62859673800AA1586 /* Feed Cache */,
				F5D5C5EC2845D04A006FA1B0 /* Feed Api */,
			);
			path = EssentialFeedRevisedTests;
			sourceTree = "<group>";
		};
		F5B87CF7283F5C5F00D86464 /* EssentialFeedRevisedUITests */ = {
			isa = PBXGroup;
			children = (
				F5B87CF8283F5C5F00D86464 /* EssentialFeedRevisedUITests.swift */,
				F5B87CFA283F5C5F00D86464 /* EssentialFeedRevisedUITestsLaunchTests.swift */,
			);
			path = EssentialFeedRevisedUITests;
			sourceTree = "<group>";
		};
		F5B87D07283F5CA800D86464 /* Feed Feature */ = {
			isa = PBXGroup;
			children = (
				F5B87D08283F5CBC00D86464 /* FeedImage.swift */,
				F5B87D0A283F5CC600D86464 /* FeedLoader.swift */,
			);
			path = "Feed Feature";
			sourceTree = "<group>";
		};
		F5B87D0E283F7FA900D86464 /* Feed Api */ = {
			isa = PBXGroup;
			children = (
				F5B87D0F283F7FB900D86464 /* RemoteFeedLoader.swift */,
				F5D5C5EA2845C580006FA1B0 /* FeedItemsMapper.swift */,
				F5B1BCF4285ADB7F00AA9D75 /* RemoteFeedItem.swift */,
				F5D5C5E72845C484006FA1B0 /* HTTPClient.swift */,
				F5AEE6F5284CD4BD004D7655 /* URLSessionHTTPClient.swift */,
			);
			path = "Feed Api";
			sourceTree = "<group>";
		};
		F5B9B269284F0BB100ADA20C /* EssentialFeedApiEndToEndTests */ = {
			isa = PBXGroup;
			children = (
				F5B9B26A284F0BB100ADA20C /* EssentialFeedApiEndToEndTests.swift */,
			);
			path = EssentialFeedApiEndToEndTests;
			sourceTree = "<group>";
		};
		F5D5C5EC2845D04A006FA1B0 /* Feed Api */ = {
			isa = PBXGroup;
			children = (
				F5B87D0C283F5DCA00D86464 /* LoadFeedFromRemoteUseCaseTests.swift */,
				F5AEE6EB284C4439004D7655 /* URLSessionHTTPClientTests.swift */,
				F5AEE6ED284C8A0F004D7655 /* URLSessionClientWithURLProtocolTests.swift */,
			);
			path = "Feed Api";
			sourceTree = "<group>";
		};
		F5D5D774285D720F007493F4 /* Persistance-lecture_10_11_storeCheckList1 */ = {
			isa = PBXGroup;
			children = (
				F5DCB326285C9C3B003C9547 /* Persistance_lecture_10.md */,
				F5DCB32C285CB7A3003C9547 /* Persistance_lecture_11.md */,
				F5D5D776285D722C007493F4 /* Screenshot 2022-06-18 at 8.04.30 AM.png */,
				F5D5D775285D722C007493F4 /* Screenshot 2022-06-18 at 8.04.41 AM.png */,
			);
			path = "Persistance-lecture_10_11_storeCheckList1";
			sourceTree = "<group>";
		};
		F5D5D77F285DA5F9007493F4 /* Persistance_lecture_12_storeCheckList2 */ = {
			isa = PBXGroup;
			children = (
				F5D5D781285DA614007493F4 /* Screenshot 2022-06-18 at 11.49.20 AM.png */,
				F5D5D780285DA614007493F4 /* Screenshot 2022-06-18 at 11.49.26 AM.png */,
				F5D5D77D285DA419007493F4 /* Persistacne_lecture_12.md */,
			);
			path = Persistance_lecture_12_storeCheckList2;
			sourceTree = "<group>";
		};
		F5D5D78E285DE7C6007493F4 /* Persistance_lecture_14_testSpecs */ = {
			isa = PBXGroup;
			children = (
				F5D5D78F285DE7EC007493F4 /* Screenshot 2022-06-18 at 4.19.46 PM.png */,
				F5D5D790285DE7EC007493F4 /* Screenshot 2022-06-18 at 4.20.04 PM.png */,
				F5D5D788285DD572007493F4 /* Persistance_lecture_14.md */,
				F56F94A8285EAD3900CFBC5E /* Persistacne_lecture_15.md */,
			);
			path = Persistance_lecture_14_testSpecs;
			sourceTree = "<group>";
		};
		F5D5D799285DF0F5007493F4 /* FeedStoreSpecs */ = {
			isa = PBXGroup;
			children = (
				F5D5D78A285DE05C007493F4 /* FeedStoreSpecs.swift */,
				F5D5D78C285DE108007493F4 /* XCTestCase+FeedStoreSpecs.swift */,
				F5D5D793285DE88B007493F4 /* XCTestCase+FailableDeleteFeedStoreSpecs.swift */,
				F5D5D795285DED9F007493F4 /* XCTestCase+FailableRetrieveFeedStoreSpecs.swift */,
				F5D5D797285DEDD5007493F4 /* SCTestCase+FailableInsertFeedStoreSpecs.swift */,
			);
			path = FeedStoreSpecs;
			sourceTree = "<group>";
		};
		F5DA76C62859673800AA1586 /* Feed Cache */ = {
			isa = PBXGroup;
			children = (
				F5D5D799285DF0F5007493F4 /* FeedStoreSpecs */,
				F5B1BCFA285B129F00AA9D75 /* Helper */,
				F5DA76C72859675F00AA1586 /* CacheFeedUseCaseTests.swift */,
				F5B1BCF8285B10F800AA9D75 /* LoadFeedFromCacheUseCaseTests.swift */,
				F5DCB314285C21C9003C9547 /* ValidateFeedCacheUseCaseTests.swift */,
				F5DCB328285CAB8A003C9547 /* CodableFeedStoreTests.swift */,
				F56F94AA285EAF8600CFBC5E /* CoreDataFeedStoreTests.swift */,
			);
			path = "Feed Cache";
			sourceTree = "<group>";
		};
		F5DA76CF2859E5C900AA1586 /* EssentialFeediOS */ = {
			isa = PBXGroup;
			children = (
			);
			path = EssentialFeediOS;
			sourceTree = "<group>";
		};
		F5DA76D92859E5C900AA1586 /* EssentialFeediOSTests */ = {
			isa = PBXGroup;
			children = (
			);
			path = EssentialFeediOSTests;
			sourceTree = "<group>";
		};
/* End PBXGroup section */

/* Begin PBXHeadersBuildPhase section */
		F5DA76C92859E5C900AA1586 /* Headers */ = {
			isa = PBXHeadersBuildPhase;
			buildActionMask = 2147483647;
			files = (
			);
			runOnlyForDeploymentPostprocessing = 0;
		};
/* End PBXHeadersBuildPhase section */

/* Begin PBXNativeTarget section */
		F5B87CD3283F5C5C00D86464 /* EssentialFeedRevised */ = {
			isa = PBXNativeTarget;
			buildConfigurationList = F5B87CFE283F5C5F00D86464 /* Build configuration list for PBXNativeTarget "EssentialFeedRevised" */;
			buildPhases = (
				F5B87CD0283F5C5C00D86464 /* Sources */,
				F5B87CD1283F5C5C00D86464 /* Frameworks */,
				F5B87CD2283F5C5C00D86464 /* Resources */,
			);
			buildRules = (
			);
			dependencies = (
			);
			name = EssentialFeedRevised;
			productName = EssentialFeedRevised;
			productReference = F5B87CD4283F5C5C00D86464 /* EssentialFeedRevised.app */;
			productType = "com.apple.product-type.application";
		};
		F5B87CE9283F5C5F00D86464 /* EssentialFeedRevisedTests */ = {
			isa = PBXNativeTarget;
			buildConfigurationList = F5B87D01283F5C5F00D86464 /* Build configuration list for PBXNativeTarget "EssentialFeedRevisedTests" */;
			buildPhases = (
				F5B87CE6283F5C5F00D86464 /* Sources */,
				F5B87CE7283F5C5F00D86464 /* Frameworks */,
				F5B87CE8283F5C5F00D86464 /* Resources */,
			);
			buildRules = (
			);
			dependencies = (
				F5B87CEC283F5C5F00D86464 /* PBXTargetDependency */,
			);
			name = EssentialFeedRevisedTests;
			productName = EssentialFeedRevisedTests;
			productReference = F5B87CEA283F5C5F00D86464 /* EssentialFeedRevisedTests.xctest */;
			productType = "com.apple.product-type.bundle.unit-test";
		};
		F5B87CF3283F5C5F00D86464 /* EssentialFeedRevisedUITests */ = {
			isa = PBXNativeTarget;
			buildConfigurationList = F5B87D04283F5C5F00D86464 /* Build configuration list for PBXNativeTarget "EssentialFeedRevisedUITests" */;
			buildPhases = (
				F5B87CF0283F5C5F00D86464 /* Sources */,
				F5B87CF1283F5C5F00D86464 /* Frameworks */,
				F5B87CF2283F5C5F00D86464 /* Resources */,
			);
			buildRules = (
			);
			dependencies = (
				F5B87CF6283F5C5F00D86464 /* PBXTargetDependency */,
			);
			name = EssentialFeedRevisedUITests;
			productName = EssentialFeedRevisedUITests;
			productReference = F5B87CF4283F5C5F00D86464 /* EssentialFeedRevisedUITests.xctest */;
			productType = "com.apple.product-type.bundle.ui-testing";
		};
		F5B9B267284F0BB100ADA20C /* EssentialFeedApiEndToEndTests */ = {
			isa = PBXNativeTarget;
			buildConfigurationList = F5B9B26E284F0BB100ADA20C /* Build configuration list for PBXNativeTarget "EssentialFeedApiEndToEndTests" */;
			buildPhases = (
				F5B9B264284F0BB100ADA20C /* Sources */,
				F5B9B265284F0BB100ADA20C /* Frameworks */,
				F5B9B266284F0BB100ADA20C /* Resources */,
			);
			buildRules = (
			);
			dependencies = (
				F5B9B26D284F0BB100ADA20C /* PBXTargetDependency */,
			);
			name = EssentialFeedApiEndToEndTests;
			productName = EssentialFeedApiEndToEndTests;
			productReference = F5B9B268284F0BB100ADA20C /* EssentialFeedApiEndToEndTests.xctest */;
			productType = "com.apple.product-type.bundle.unit-test";
		};
		F5DA76CD2859E5C900AA1586 /* EssentialFeediOS */ = {
			isa = PBXNativeTarget;
			buildConfigurationList = F5DA76E12859E5CA00AA1586 /* Build configuration list for PBXNativeTarget "EssentialFeediOS" */;
			buildPhases = (
				F5DA76C92859E5C900AA1586 /* Headers */,
				F5DA76CA2859E5C900AA1586 /* Sources */,
				F5DA76CB2859E5C900AA1586 /* Frameworks */,
				F5DA76CC2859E5C900AA1586 /* Resources */,
			);
			buildRules = (
			);
			dependencies = (
			);
			name = EssentialFeediOS;
			productName = EssentialFeediOS;
			productReference = F5DA76CE2859E5C900AA1586 /* EssentialFeediOS.framework */;
			productType = "com.apple.product-type.framework";
		};
		F5DA76D42859E5C900AA1586 /* EssentialFeediOSTests */ = {
			isa = PBXNativeTarget;
			buildConfigurationList = F5DA76E22859E5CA00AA1586 /* Build configuration list for PBXNativeTarget "EssentialFeediOSTests" */;
			buildPhases = (
				F5DA76D12859E5C900AA1586 /* Sources */,
				F5DA76D22859E5C900AA1586 /* Frameworks */,
				F5DA76D32859E5C900AA1586 /* Resources */,
			);
			buildRules = (
			);
			dependencies = (
				F5DA76D82859E5C900AA1586 /* PBXTargetDependency */,
			);
			name = EssentialFeediOSTests;
			productName = EssentialFeediOSTests;
			productReference = F5DA76D52859E5C900AA1586 /* EssentialFeediOSTests.xctest */;
			productType = "com.apple.product-type.bundle.unit-test";
		};
/* End PBXNativeTarget section */

/* Begin PBXProject section */
		F5B87CCC283F5C5C00D86464 /* Project object */ = {
			isa = PBXProject;
			attributes = {
				BuildIndependentTargetsInParallel = 1;
				LastSwiftUpdateCheck = 1330;
				LastUpgradeCheck = 1330;
				TargetAttributes = {
					F5B87CD3283F5C5C00D86464 = {
						CreatedOnToolsVersion = 13.3;
					};
					F5B87CE9283F5C5F00D86464 = {
						CreatedOnToolsVersion = 13.3;
						TestTargetID = F5B87CD3283F5C5C00D86464;
					};
					F5B87CF3283F5C5F00D86464 = {
						CreatedOnToolsVersion = 13.3;
						TestTargetID = F5B87CD3283F5C5C00D86464;
					};
					F5B9B267284F0BB100ADA20C = {
						CreatedOnToolsVersion = 13.3;
						TestTargetID = F5B87CD3283F5C5C00D86464;
					};
					F5DA76CD2859E5C900AA1586 = {
						CreatedOnToolsVersion = 13.3;
					};
					F5DA76D42859E5C900AA1586 = {
						CreatedOnToolsVersion = 13.3;
					};
				};
			};
			buildConfigurationList = F5B87CCF283F5C5C00D86464 /* Build configuration list for PBXProject "EssentialFeedRevised" */;
			compatibilityVersion = "Xcode 13.0";
			developmentRegion = en;
			hasScannedForEncodings = 0;
			knownRegions = (
				en,
				Base,
			);
			mainGroup = F5B87CCB283F5C5C00D86464;
			productRefGroup = F5B87CD5283F5C5C00D86464 /* Products */;
			projectDirPath = "";
			projectRoot = "";
			targets = (
				F5B87CD3283F5C5C00D86464 /* EssentialFeedRevised */,
				F5B87CE9283F5C5F00D86464 /* EssentialFeedRevisedTests */,
				F5B87CF3283F5C5F00D86464 /* EssentialFeedRevisedUITests */,
				F5B9B267284F0BB100ADA20C /* EssentialFeedApiEndToEndTests */,
				F5DA76CD2859E5C900AA1586 /* EssentialFeediOS */,
				F5DA76D42859E5C900AA1586 /* EssentialFeediOSTests */,
			);
		};
/* End PBXProject section */

/* Begin PBXResourcesBuildPhase section */
		F5B87CD2283F5C5C00D86464 /* Resources */ = {
			isa = PBXResourcesBuildPhase;
			buildActionMask = 2147483647;
			files = (
				F5DCB327285C9C3B003C9547 /* Persistance_lecture_10.md in Resources */,
				F5B87CE4283F5C5F00D86464 /* LaunchScreen.storyboard in Resources */,
				F5D5D778285D722C007493F4 /* Screenshot 2022-06-18 at 8.04.30 AM.png in Resources */,
				F5B87CE1283F5C5F00D86464 /* Assets.xcassets in Resources */,
				F5B1BD04285B27C500AA9D75 /* Persistance_lecture_4.md in Resources */,
				F5D5074128505EE900B16343 /* Narrative.md in Resources */,
				F5D5D787285DCAFD007493F4 /* Persistance_lecture_13_storeCheckList3.md in Resources */,
				F5D5D792285DE7EC007493F4 /* Screenshot 2022-06-18 at 4.20.04 PM.png in Resources */,
				F5B1BCF1285AD16900AA9D75 /* Cache-dependency.png in Resources */,
				F5B9B273284F0E5D00ADA20C /* feed-case-study-test-api-feed.json in Resources */,
				F5B1BD08285B288A00AA9D75 /* Persistance_lecture_3.md in Resources */,
				F586E6C828410FDB00E219D2 /* README.md in Resources */,
				F56F94A9285EAD3900CFBC5E /* Persistacne_lecture_15.md in Resources */,
				F5DCB31D285C4998003C9547 /* Persistance_lecture_9_testWithSideEffectsInNewFile.md in Resources */,
				F5B9B263284F0A4800ADA20C /* Screenshot 2022-06-06 at 10.23.32 AM.png in Resources */,
				F5D5D783285DA614007493F4 /* Screenshot 2022-06-18 at 11.49.20 AM.png in Resources */,
				F5D5D791285DE7EC007493F4 /* Screenshot 2022-06-18 at 4.19.46 PM.png in Resources */,
				F5DCB325285C9AAD003C9547 /* Core_bounrady_infra.logo.png in Resources */,
				F5B87CDF283F5C5C00D86464 /* Main.storyboard in Resources */,
				F5D5D789285DD572007493F4 /* Persistance_lecture_14.md in Resources */,
				F5D5D77E285DA419007493F4 /* Persistacne_lecture_12.md in Resources */,
				F5B1BD00285B271D00AA9D75 /* Persistance_lecture_5.md in Resources */,
				F5AEE6F1284C9626004D7655 /* HTTPClient.md in Resources */,
				F5B1BD0A285B297900AA9D75 /* Persistance_lecture_2.md in Resources */,
				F570DBA7284DBED8000ADC03 /* Screenshot 2022-06-06 at 10.18.50 AM.png in Resources */,
				F5B1BCF3285ADB3B00AA9D75 /* after data_transfer_objtec.png in Resources */,
				F5DCB32D285CB7A3003C9547 /* Persistance_lecture_11.md in Resources */,
				F5D5D782285DA614007493F4 /* Screenshot 2022-06-18 at 11.49.26 AM.png in Resources */,
				F5D5D777285D722C007493F4 /* Screenshot 2022-06-18 at 8.04.41 AM.png in Resources */,
				F5DCB323285C9A84003C9547 /* Core_boundary_infra.png in Resources */,
				F5B1BCFE285B255200AA9D75 /* PersistanceModuleLeaning.md in Resources */,
			);
			runOnlyForDeploymentPostprocessing = 0;
		};
		F5B87CE8283F5C5F00D86464 /* Resources */ = {
			isa = PBXResourcesBuildPhase;
			buildActionMask = 2147483647;
			files = (
			);
			runOnlyForDeploymentPostprocessing = 0;
		};
		F5B87CF2283F5C5F00D86464 /* Resources */ = {
			isa = PBXResourcesBuildPhase;
			buildActionMask = 2147483647;
			files = (
			);
			runOnlyForDeploymentPostprocessing = 0;
		};
		F5B9B266284F0BB100ADA20C /* Resources */ = {
			isa = PBXResourcesBuildPhase;
			buildActionMask = 2147483647;
			files = (
			);
			runOnlyForDeploymentPostprocessing = 0;
		};
		F5DA76CC2859E5C900AA1586 /* Resources */ = {
			isa = PBXResourcesBuildPhase;
			buildActionMask = 2147483647;
			files = (
			);
			runOnlyForDeploymentPostprocessing = 0;
		};
		F5DA76D32859E5C900AA1586 /* Resources */ = {
			isa = PBXResourcesBuildPhase;
			buildActionMask = 2147483647;
			files = (
			);
			runOnlyForDeploymentPostprocessing = 0;
		};
/* End PBXResourcesBuildPhase section */

/* Begin PBXSourcesBuildPhase section */
		F5B87CD0283F5C5C00D86464 /* Sources */ = {
			isa = PBXSourcesBuildPhase;
			buildActionMask = 2147483647;
			files = (
				F5B1BCF7285ADBC200AA9D75 /* LocalFeedImage.swift in Sources */,
				F5DCB31B285C2E0A003C9547 /* Persistance_lecture_8.md in Sources */,
				F56F94B7285ED41F00CFBC5E /* ManagedCache.swift in Sources */,
				F5B87D09283F5CBC00D86464 /* FeedImage.swift in Sources */,
				F5B87CDC283F5C5C00D86464 /* ViewController.swift in Sources */,
				F56F94B9285ED45100CFBC5E /* ManagedFeedImage.swift in Sources */,
				F5B1BD06285B27E600AA9D75 /* Persistance_lecture_6.md in Sources */,
				F5B1BCF5285ADB7F00AA9D75 /* RemoteFeedItem.swift in Sources */,
				F5B87CD8283F5C5C00D86464 /* AppDelegate.swift in Sources */,
				F5DCB31F285C5614003C9547 /* FeedCachePolicy.swift in Sources */,
				F5D5C5EB2845C580006FA1B0 /* FeedItemsMapper.swift in Sources */,
				F5B1BCED285ACE2600AA9D75 /* LocalFeedLoader.swift in Sources */,
				F5D5C5E82845C484006FA1B0 /* HTTPClient.swift in Sources */,
				F56F94B3285EB31900CFBC5E /* FeedStore.xcdatamodeld in Sources */,
				F5B87D0B283F5CC600D86464 /* FeedLoader.swift in Sources */,
				F5B87D10283F7FB900D86464 /* RemoteFeedLoader.swift in Sources */,
				F5B1BD0C285B537F00AA9D75 /* Persistance_lecture_7.md in Sources */,
				F5D5D77A285DA339007493F4 /* CodableFeedStore.swift in Sources */,
				F56F94AD285EB01A00CFBC5E /* CoreDataFeedStore.swift in Sources */,
				F5B87CDA283F5C5C00D86464 /* SceneDelegate.swift in Sources */,
				F56F94B5285ED41600CFBC5E /* CoreDataHelpers.swift in Sources */,
				F5B1BCEF285ACE8900AA9D75 /* FeedStore.swift in Sources */,
				F5AEE6F6284CD4BD004D7655 /* URLSessionHTTPClient.swift in Sources */,
			);
			runOnlyForDeploymentPostprocessing = 0;
		};
		F5B87CE6283F5C5F00D86464 /* Sources */ = {
			isa = PBXSourcesBuildPhase;
			buildActionMask = 2147483647;
			files = (
				F5D5D78D285DE108007493F4 /* XCTestCase+FeedStoreSpecs.swift in Sources */,
				F5DCB329285CAB8A003C9547 /* CodableFeedStoreTests.swift in Sources */,
				F5B87D0D283F5DCA00D86464 /* LoadFeedFromRemoteUseCaseTests.swift in Sources */,
				F56F94AB285EAF8600CFBC5E /* CoreDataFeedStoreTests.swift in Sources */,
				F5AEE6F4284CB3CB004D7655 /* SCTestCase+MemoryLeakTracking.swift in Sources */,
				F5DCB319285C273D003C9547 /* SharedTestHelpers.swift in Sources */,
				F5AEE6EC284C4439004D7655 /* URLSessionHTTPClientTests.swift in Sources */,
				F5D5D794285DE88B007493F4 /* XCTestCase+FailableDeleteFeedStoreSpecs.swift in Sources */,
				F5D5D796285DED9F007493F4 /* XCTestCase+FailableRetrieveFeedStoreSpecs.swift in Sources */,
				F5DA76C82859675F00AA1586 /* CacheFeedUseCaseTests.swift in Sources */,
				F5D5D798285DEDD5007493F4 /* SCTestCase+FailableInsertFeedStoreSpecs.swift in Sources */,
				F5DCB315285C21C9003C9547 /* ValidateFeedCacheUseCaseTests.swift in Sources */,
				F5B1BCFC285B12AC00AA9D75 /* FeedStoreSpy.swift in Sources */,
				F5DCB317285C2698003C9547 /* FeedCacheTestHelper.swift in Sources */,
				F5B1BCF9285B10F800AA9D75 /* LoadFeedFromCacheUseCaseTests.swift in Sources */,
				F5D5D78B285DE05C007493F4 /* FeedStoreSpecs.swift in Sources */,
				F5AEE6EE284C8A0F004D7655 /* URLSessionClientWithURLProtocolTests.swift in Sources */,
			);
			runOnlyForDeploymentPostprocessing = 0;
		};
		F5B87CF0283F5C5F00D86464 /* Sources */ = {
			isa = PBXSourcesBuildPhase;
			buildActionMask = 2147483647;
			files = (
				F5B87CFB283F5C5F00D86464 /* EssentialFeedRevisedUITestsLaunchTests.swift in Sources */,
				F5B87CF9283F5C5F00D86464 /* EssentialFeedRevisedUITests.swift in Sources */,
			);
			runOnlyForDeploymentPostprocessing = 0;
		};
		F5B9B264284F0BB100ADA20C /* Sources */ = {
			isa = PBXSourcesBuildPhase;
			buildActionMask = 2147483647;
			files = (
				F5B9B271284F0C2600ADA20C /* SCTestCase+MemoryLeakTracking.swift in Sources */,
				F5B9B26B284F0BB100ADA20C /* EssentialFeedApiEndToEndTests.swift in Sources */,
			);
			runOnlyForDeploymentPostprocessing = 0;
		};
		F5DA76CA2859E5C900AA1586 /* Sources */ = {
			isa = PBXSourcesBuildPhase;
			buildActionMask = 2147483647;
			files = (
			);
			runOnlyForDeploymentPostprocessing = 0;
		};
		F5DA76D12859E5C900AA1586 /* Sources */ = {
			isa = PBXSourcesBuildPhase;
			buildActionMask = 2147483647;
			files = (
			);
			runOnlyForDeploymentPostprocessing = 0;
		};
/* End PBXSourcesBuildPhase section */

/* Begin PBXTargetDependency section */
		F5B87CEC283F5C5F00D86464 /* PBXTargetDependency */ = {
			isa = PBXTargetDependency;
			target = F5B87CD3283F5C5C00D86464 /* EssentialFeedRevised */;
			targetProxy = F5B87CEB283F5C5F00D86464 /* PBXContainerItemProxy */;
		};
		F5B87CF6283F5C5F00D86464 /* PBXTargetDependency */ = {
			isa = PBXTargetDependency;
			target = F5B87CD3283F5C5C00D86464 /* EssentialFeedRevised */;
			targetProxy = F5B87CF5283F5C5F00D86464 /* PBXContainerItemProxy */;
		};
		F5B9B26D284F0BB100ADA20C /* PBXTargetDependency */ = {
			isa = PBXTargetDependency;
			target = F5B87CD3283F5C5C00D86464 /* EssentialFeedRevised */;
			targetProxy = F5B9B26C284F0BB100ADA20C /* PBXContainerItemProxy */;
		};
		F5DA76D82859E5C900AA1586 /* PBXTargetDependency */ = {
			isa = PBXTargetDependency;
			target = F5DA76CD2859E5C900AA1586 /* EssentialFeediOS */;
			targetProxy = F5DA76D72859E5C900AA1586 /* PBXContainerItemProxy */;
		};
/* End PBXTargetDependency section */

/* Begin PBXVariantGroup section */
		F5B87CDD283F5C5C00D86464 /* Main.storyboard */ = {
			isa = PBXVariantGroup;
			children = (
				F5B87CDE283F5C5C00D86464 /* Base */,
			);
			name = Main.storyboard;
			sourceTree = "<group>";
		};
		F5B87CE2283F5C5F00D86464 /* LaunchScreen.storyboard */ = {
			isa = PBXVariantGroup;
			children = (
				F5B87CE3283F5C5F00D86464 /* Base */,
			);
			name = LaunchScreen.storyboard;
			sourceTree = "<group>";
		};
/* End PBXVariantGroup section */

/* Begin XCBuildConfiguration section */
		F5B87CFC283F5C5F00D86464 /* Debug */ = {
			isa = XCBuildConfiguration;
			buildSettings = {
				ALWAYS_SEARCH_USER_PATHS = NO;
				CLANG_ANALYZER_NONNULL = YES;
				CLANG_ANALYZER_NUMBER_OBJECT_CONVERSION = YES_AGGRESSIVE;
				CLANG_CXX_LANGUAGE_STANDARD = "gnu++17";
				CLANG_ENABLE_MODULES = YES;
				CLANG_ENABLE_OBJC_ARC = YES;
				CLANG_ENABLE_OBJC_WEAK = YES;
				CLANG_WARN_BLOCK_CAPTURE_AUTORELEASING = YES;
				CLANG_WARN_BOOL_CONVERSION = YES;
				CLANG_WARN_COMMA = YES;
				CLANG_WARN_CONSTANT_CONVERSION = YES;
				CLANG_WARN_DEPRECATED_OBJC_IMPLEMENTATIONS = YES;
				CLANG_WARN_DIRECT_OBJC_ISA_USAGE = YES_ERROR;
				CLANG_WARN_DOCUMENTATION_COMMENTS = YES;
				CLANG_WARN_EMPTY_BODY = YES;
				CLANG_WARN_ENUM_CONVERSION = YES;
				CLANG_WARN_INFINITE_RECURSION = YES;
				CLANG_WARN_INT_CONVERSION = YES;
				CLANG_WARN_NON_LITERAL_NULL_CONVERSION = YES;
				CLANG_WARN_OBJC_IMPLICIT_RETAIN_SELF = YES;
				CLANG_WARN_OBJC_LITERAL_CONVERSION = YES;
				CLANG_WARN_OBJC_ROOT_CLASS = YES_ERROR;
				CLANG_WARN_QUOTED_INCLUDE_IN_FRAMEWORK_HEADER = YES;
				CLANG_WARN_RANGE_LOOP_ANALYSIS = YES;
				CLANG_WARN_STRICT_PROTOTYPES = YES;
				CLANG_WARN_SUSPICIOUS_MOVE = YES;
				CLANG_WARN_UNGUARDED_AVAILABILITY = YES_AGGRESSIVE;
				CLANG_WARN_UNREACHABLE_CODE = YES;
				CLANG_WARN__DUPLICATE_METHOD_MATCH = YES;
				COPY_PHASE_STRIP = NO;
				DEBUG_INFORMATION_FORMAT = dwarf;
				ENABLE_STRICT_OBJC_MSGSEND = YES;
				ENABLE_TESTABILITY = YES;
				GCC_C_LANGUAGE_STANDARD = gnu11;
				GCC_DYNAMIC_NO_PIC = NO;
				GCC_NO_COMMON_BLOCKS = YES;
				GCC_OPTIMIZATION_LEVEL = 0;
				GCC_PREPROCESSOR_DEFINITIONS = (
					"DEBUG=1",
					"$(inherited)",
				);
				GCC_WARN_64_TO_32_BIT_CONVERSION = YES;
				GCC_WARN_ABOUT_RETURN_TYPE = YES_ERROR;
				GCC_WARN_UNDECLARED_SELECTOR = YES;
				GCC_WARN_UNINITIALIZED_AUTOS = YES_AGGRESSIVE;
				GCC_WARN_UNUSED_FUNCTION = YES;
				GCC_WARN_UNUSED_VARIABLE = YES;
				IPHONEOS_DEPLOYMENT_TARGET = 15.4;
				MTL_ENABLE_DEBUG_INFO = INCLUDE_SOURCE;
				MTL_FAST_MATH = YES;
				ONLY_ACTIVE_ARCH = YES;
				SDKROOT = iphoneos;
				SWIFT_ACTIVE_COMPILATION_CONDITIONS = DEBUG;
				SWIFT_OPTIMIZATION_LEVEL = "-Onone";
			};
			name = Debug;
		};
		F5B87CFD283F5C5F00D86464 /* Release */ = {
			isa = XCBuildConfiguration;
			buildSettings = {
				ALWAYS_SEARCH_USER_PATHS = NO;
				CLANG_ANALYZER_NONNULL = YES;
				CLANG_ANALYZER_NUMBER_OBJECT_CONVERSION = YES_AGGRESSIVE;
				CLANG_CXX_LANGUAGE_STANDARD = "gnu++17";
				CLANG_ENABLE_MODULES = YES;
				CLANG_ENABLE_OBJC_ARC = YES;
				CLANG_ENABLE_OBJC_WEAK = YES;
				CLANG_WARN_BLOCK_CAPTURE_AUTORELEASING = YES;
				CLANG_WARN_BOOL_CONVERSION = YES;
				CLANG_WARN_COMMA = YES;
				CLANG_WARN_CONSTANT_CONVERSION = YES;
				CLANG_WARN_DEPRECATED_OBJC_IMPLEMENTATIONS = YES;
				CLANG_WARN_DIRECT_OBJC_ISA_USAGE = YES_ERROR;
				CLANG_WARN_DOCUMENTATION_COMMENTS = YES;
				CLANG_WARN_EMPTY_BODY = YES;
				CLANG_WARN_ENUM_CONVERSION = YES;
				CLANG_WARN_INFINITE_RECURSION = YES;
				CLANG_WARN_INT_CONVERSION = YES;
				CLANG_WARN_NON_LITERAL_NULL_CONVERSION = YES;
				CLANG_WARN_OBJC_IMPLICIT_RETAIN_SELF = YES;
				CLANG_WARN_OBJC_LITERAL_CONVERSION = YES;
				CLANG_WARN_OBJC_ROOT_CLASS = YES_ERROR;
				CLANG_WARN_QUOTED_INCLUDE_IN_FRAMEWORK_HEADER = YES;
				CLANG_WARN_RANGE_LOOP_ANALYSIS = YES;
				CLANG_WARN_STRICT_PROTOTYPES = YES;
				CLANG_WARN_SUSPICIOUS_MOVE = YES;
				CLANG_WARN_UNGUARDED_AVAILABILITY = YES_AGGRESSIVE;
				CLANG_WARN_UNREACHABLE_CODE = YES;
				CLANG_WARN__DUPLICATE_METHOD_MATCH = YES;
				COPY_PHASE_STRIP = NO;
				DEBUG_INFORMATION_FORMAT = "dwarf-with-dsym";
				ENABLE_NS_ASSERTIONS = NO;
				ENABLE_STRICT_OBJC_MSGSEND = YES;
				GCC_C_LANGUAGE_STANDARD = gnu11;
				GCC_NO_COMMON_BLOCKS = YES;
				GCC_WARN_64_TO_32_BIT_CONVERSION = YES;
				GCC_WARN_ABOUT_RETURN_TYPE = YES_ERROR;
				GCC_WARN_UNDECLARED_SELECTOR = YES;
				GCC_WARN_UNINITIALIZED_AUTOS = YES_AGGRESSIVE;
				GCC_WARN_UNUSED_FUNCTION = YES;
				GCC_WARN_UNUSED_VARIABLE = YES;
				IPHONEOS_DEPLOYMENT_TARGET = 15.4;
				MTL_ENABLE_DEBUG_INFO = NO;
				MTL_FAST_MATH = YES;
				SDKROOT = iphoneos;
				SWIFT_COMPILATION_MODE = wholemodule;
				SWIFT_OPTIMIZATION_LEVEL = "-O";
				VALIDATE_PRODUCT = YES;
			};
			name = Release;
		};
		F5B87CFF283F5C5F00D86464 /* Debug */ = {
			isa = XCBuildConfiguration;
			buildSettings = {
				ASSETCATALOG_COMPILER_APPICON_NAME = AppIcon;
				ASSETCATALOG_COMPILER_GLOBAL_ACCENT_COLOR_NAME = AccentColor;
				CODE_SIGN_STYLE = Automatic;
				CURRENT_PROJECT_VERSION = 1;
				DEVELOPMENT_TEAM = L2WG7FZ7D7;
				GENERATE_INFOPLIST_FILE = YES;
				INFOPLIST_FILE = EssentialFeedRevised/Info.plist;
				INFOPLIST_KEY_UIApplicationSupportsIndirectInputEvents = YES;
				INFOPLIST_KEY_UILaunchStoryboardName = LaunchScreen;
				INFOPLIST_KEY_UIMainStoryboardFile = Main;
				INFOPLIST_KEY_UISupportedInterfaceOrientations_iPad = "UIInterfaceOrientationPortrait UIInterfaceOrientationPortraitUpsideDown UIInterfaceOrientationLandscapeLeft UIInterfaceOrientationLandscapeRight";
				INFOPLIST_KEY_UISupportedInterfaceOrientations_iPhone = "UIInterfaceOrientationPortrait UIInterfaceOrientationLandscapeLeft UIInterfaceOrientationLandscapeRight";
				LD_RUNPATH_SEARCH_PATHS = (
					"$(inherited)",
					"@executable_path/Frameworks",
				);
				MARKETING_VERSION = 1.0;
				PRODUCT_BUNDLE_IDENTIFIER = Anil.EssentialFeedRevised;
				PRODUCT_NAME = "$(TARGET_NAME)";
				SWIFT_EMIT_LOC_STRINGS = YES;
				SWIFT_VERSION = 5.0;
				TARGETED_DEVICE_FAMILY = "1,2";
			};
			name = Debug;
		};
		F5B87D00283F5C5F00D86464 /* Release */ = {
			isa = XCBuildConfiguration;
			buildSettings = {
				ASSETCATALOG_COMPILER_APPICON_NAME = AppIcon;
				ASSETCATALOG_COMPILER_GLOBAL_ACCENT_COLOR_NAME = AccentColor;
				CODE_SIGN_STYLE = Automatic;
				CURRENT_PROJECT_VERSION = 1;
				DEVELOPMENT_TEAM = L2WG7FZ7D7;
				GENERATE_INFOPLIST_FILE = YES;
				INFOPLIST_FILE = EssentialFeedRevised/Info.plist;
				INFOPLIST_KEY_UIApplicationSupportsIndirectInputEvents = YES;
				INFOPLIST_KEY_UILaunchStoryboardName = LaunchScreen;
				INFOPLIST_KEY_UIMainStoryboardFile = Main;
				INFOPLIST_KEY_UISupportedInterfaceOrientations_iPad = "UIInterfaceOrientationPortrait UIInterfaceOrientationPortraitUpsideDown UIInterfaceOrientationLandscapeLeft UIInterfaceOrientationLandscapeRight";
				INFOPLIST_KEY_UISupportedInterfaceOrientations_iPhone = "UIInterfaceOrientationPortrait UIInterfaceOrientationLandscapeLeft UIInterfaceOrientationLandscapeRight";
				LD_RUNPATH_SEARCH_PATHS = (
					"$(inherited)",
					"@executable_path/Frameworks",
				);
				MARKETING_VERSION = 1.0;
				PRODUCT_BUNDLE_IDENTIFIER = Anil.EssentialFeedRevised;
				PRODUCT_NAME = "$(TARGET_NAME)";
				SWIFT_EMIT_LOC_STRINGS = YES;
				SWIFT_VERSION = 5.0;
				TARGETED_DEVICE_FAMILY = "1,2";
			};
			name = Release;
		};
		F5B87D02283F5C5F00D86464 /* Debug */ = {
			isa = XCBuildConfiguration;
			buildSettings = {
				ALWAYS_EMBED_SWIFT_STANDARD_LIBRARIES = YES;
				BUNDLE_LOADER = "$(TEST_HOST)";
				CODE_SIGN_STYLE = Automatic;
				CURRENT_PROJECT_VERSION = 1;
				DEVELOPMENT_TEAM = L2WG7FZ7D7;
				GENERATE_INFOPLIST_FILE = YES;
				IPHONEOS_DEPLOYMENT_TARGET = 15.4;
				MARKETING_VERSION = 1.0;
				PRODUCT_BUNDLE_IDENTIFIER = Anil.EssentialFeedRevisedTests;
				PRODUCT_NAME = "$(TARGET_NAME)";
				SWIFT_EMIT_LOC_STRINGS = NO;
				SWIFT_VERSION = 5.0;
				TARGETED_DEVICE_FAMILY = "1,2";
				TEST_HOST = "$(BUILT_PRODUCTS_DIR)/EssentialFeedRevised.app/EssentialFeedRevised";
			};
			name = Debug;
		};
		F5B87D03283F5C5F00D86464 /* Release */ = {
			isa = XCBuildConfiguration;
			buildSettings = {
				ALWAYS_EMBED_SWIFT_STANDARD_LIBRARIES = YES;
				BUNDLE_LOADER = "$(TEST_HOST)";
				CODE_SIGN_STYLE = Automatic;
				CURRENT_PROJECT_VERSION = 1;
				DEVELOPMENT_TEAM = L2WG7FZ7D7;
				GENERATE_INFOPLIST_FILE = YES;
				IPHONEOS_DEPLOYMENT_TARGET = 15.4;
				MARKETING_VERSION = 1.0;
				PRODUCT_BUNDLE_IDENTIFIER = Anil.EssentialFeedRevisedTests;
				PRODUCT_NAME = "$(TARGET_NAME)";
				SWIFT_EMIT_LOC_STRINGS = NO;
				SWIFT_VERSION = 5.0;
				TARGETED_DEVICE_FAMILY = "1,2";
				TEST_HOST = "$(BUILT_PRODUCTS_DIR)/EssentialFeedRevised.app/EssentialFeedRevised";
			};
			name = Release;
		};
		F5B87D05283F5C5F00D86464 /* Debug */ = {
			isa = XCBuildConfiguration;
			buildSettings = {
				ALWAYS_EMBED_SWIFT_STANDARD_LIBRARIES = YES;
				CODE_SIGN_STYLE = Automatic;
				CURRENT_PROJECT_VERSION = 1;
				DEVELOPMENT_TEAM = L2WG7FZ7D7;
				GENERATE_INFOPLIST_FILE = YES;
				MARKETING_VERSION = 1.0;
				PRODUCT_BUNDLE_IDENTIFIER = Anil.EssentialFeedRevisedUITests;
				PRODUCT_NAME = "$(TARGET_NAME)";
				SWIFT_EMIT_LOC_STRINGS = NO;
				SWIFT_VERSION = 5.0;
				TARGETED_DEVICE_FAMILY = "1,2";
				TEST_TARGET_NAME = EssentialFeedRevised;
			};
			name = Debug;
		};
		F5B87D06283F5C5F00D86464 /* Release */ = {
			isa = XCBuildConfiguration;
			buildSettings = {
				ALWAYS_EMBED_SWIFT_STANDARD_LIBRARIES = YES;
				CODE_SIGN_STYLE = Automatic;
				CURRENT_PROJECT_VERSION = 1;
				DEVELOPMENT_TEAM = L2WG7FZ7D7;
				GENERATE_INFOPLIST_FILE = YES;
				MARKETING_VERSION = 1.0;
				PRODUCT_BUNDLE_IDENTIFIER = Anil.EssentialFeedRevisedUITests;
				PRODUCT_NAME = "$(TARGET_NAME)";
				SWIFT_EMIT_LOC_STRINGS = NO;
				SWIFT_VERSION = 5.0;
				TARGETED_DEVICE_FAMILY = "1,2";
				TEST_TARGET_NAME = EssentialFeedRevised;
			};
			name = Release;
		};
		F5B9B26F284F0BB100ADA20C /* Debug */ = {
			isa = XCBuildConfiguration;
			buildSettings = {
				BUNDLE_LOADER = "$(TEST_HOST)";
				CODE_SIGN_STYLE = Automatic;
				CURRENT_PROJECT_VERSION = 1;
				DEVELOPMENT_TEAM = L2WG7FZ7D7;
				GENERATE_INFOPLIST_FILE = YES;
				MARKETING_VERSION = 1.0;
				PRODUCT_BUNDLE_IDENTIFIER = Anil.EssentialFeedApiEndToEndTests;
				PRODUCT_NAME = "$(TARGET_NAME)";
				SWIFT_EMIT_LOC_STRINGS = NO;
				SWIFT_VERSION = 5.0;
				TARGETED_DEVICE_FAMILY = "1,2";
				TEST_HOST = "$(BUILT_PRODUCTS_DIR)/EssentialFeedRevised.app/EssentialFeedRevised";
			};
			name = Debug;
		};
		F5B9B270284F0BB100ADA20C /* Release */ = {
			isa = XCBuildConfiguration;
			buildSettings = {
				BUNDLE_LOADER = "$(TEST_HOST)";
				CODE_SIGN_STYLE = Automatic;
				CURRENT_PROJECT_VERSION = 1;
				DEVELOPMENT_TEAM = L2WG7FZ7D7;
				GENERATE_INFOPLIST_FILE = YES;
				MARKETING_VERSION = 1.0;
				PRODUCT_BUNDLE_IDENTIFIER = Anil.EssentialFeedApiEndToEndTests;
				PRODUCT_NAME = "$(TARGET_NAME)";
				SWIFT_EMIT_LOC_STRINGS = NO;
				SWIFT_VERSION = 5.0;
				TARGETED_DEVICE_FAMILY = "1,2";
				TEST_HOST = "$(BUILT_PRODUCTS_DIR)/EssentialFeedRevised.app/EssentialFeedRevised";
			};
			name = Release;
		};
		F5DA76DD2859E5CA00AA1586 /* Debug */ = {
			isa = XCBuildConfiguration;
			buildSettings = {
				CODE_SIGN_STYLE = Automatic;
				CURRENT_PROJECT_VERSION = 1;
				DEFINES_MODULE = YES;
				DEVELOPMENT_TEAM = L2WG7FZ7D7;
				DYLIB_COMPATIBILITY_VERSION = 1;
				DYLIB_CURRENT_VERSION = 1;
				DYLIB_INSTALL_NAME_BASE = "@rpath";
				GENERATE_INFOPLIST_FILE = YES;
				INFOPLIST_KEY_NSHumanReadableCopyright = "";
				INSTALL_PATH = "$(LOCAL_LIBRARY_DIR)/Frameworks";
				LD_RUNPATH_SEARCH_PATHS = (
					"$(inherited)",
					"@executable_path/Frameworks",
					"@loader_path/Frameworks",
				);
				MARKETING_VERSION = 1.0;
				PRODUCT_BUNDLE_IDENTIFIER = Anil.EssentialFeediOS;
				PRODUCT_NAME = "$(TARGET_NAME:c99extidentifier)";
				SKIP_INSTALL = YES;
				SWIFT_EMIT_LOC_STRINGS = YES;
				SWIFT_VERSION = 5.0;
				TARGETED_DEVICE_FAMILY = "1,2";
				VERSIONING_SYSTEM = "apple-generic";
				VERSION_INFO_PREFIX = "";
			};
			name = Debug;
		};
		F5DA76DE2859E5CA00AA1586 /* Release */ = {
			isa = XCBuildConfiguration;
			buildSettings = {
				CODE_SIGN_STYLE = Automatic;
				CURRENT_PROJECT_VERSION = 1;
				DEFINES_MODULE = YES;
				DEVELOPMENT_TEAM = L2WG7FZ7D7;
				DYLIB_COMPATIBILITY_VERSION = 1;
				DYLIB_CURRENT_VERSION = 1;
				DYLIB_INSTALL_NAME_BASE = "@rpath";
				GENERATE_INFOPLIST_FILE = YES;
				INFOPLIST_KEY_NSHumanReadableCopyright = "";
				INSTALL_PATH = "$(LOCAL_LIBRARY_DIR)/Frameworks";
				LD_RUNPATH_SEARCH_PATHS = (
					"$(inherited)",
					"@executable_path/Frameworks",
					"@loader_path/Frameworks",
				);
				MARKETING_VERSION = 1.0;
				PRODUCT_BUNDLE_IDENTIFIER = Anil.EssentialFeediOS;
				PRODUCT_NAME = "$(TARGET_NAME:c99extidentifier)";
				SKIP_INSTALL = YES;
				SWIFT_EMIT_LOC_STRINGS = YES;
				SWIFT_VERSION = 5.0;
				TARGETED_DEVICE_FAMILY = "1,2";
				VERSIONING_SYSTEM = "apple-generic";
				VERSION_INFO_PREFIX = "";
			};
			name = Release;
		};
		F5DA76DF2859E5CA00AA1586 /* Debug */ = {
			isa = XCBuildConfiguration;
			buildSettings = {
				CODE_SIGN_STYLE = Automatic;
				CURRENT_PROJECT_VERSION = 1;
				DEVELOPMENT_TEAM = L2WG7FZ7D7;
				GENERATE_INFOPLIST_FILE = YES;
				MARKETING_VERSION = 1.0;
				PRODUCT_BUNDLE_IDENTIFIER = Anil.EssentialFeediOSTests;
				PRODUCT_NAME = "$(TARGET_NAME)";
				SWIFT_EMIT_LOC_STRINGS = NO;
				SWIFT_VERSION = 5.0;
				TARGETED_DEVICE_FAMILY = "1,2";
			};
			name = Debug;
		};
		F5DA76E02859E5CA00AA1586 /* Release */ = {
			isa = XCBuildConfiguration;
			buildSettings = {
				CODE_SIGN_STYLE = Automatic;
				CURRENT_PROJECT_VERSION = 1;
				DEVELOPMENT_TEAM = L2WG7FZ7D7;
				GENERATE_INFOPLIST_FILE = YES;
				MARKETING_VERSION = 1.0;
				PRODUCT_BUNDLE_IDENTIFIER = Anil.EssentialFeediOSTests;
				PRODUCT_NAME = "$(TARGET_NAME)";
				SWIFT_EMIT_LOC_STRINGS = NO;
				SWIFT_VERSION = 5.0;
				TARGETED_DEVICE_FAMILY = "1,2";
			};
			name = Release;
		};
/* End XCBuildConfiguration section */

/* Begin XCConfigurationList section */
		F5B87CCF283F5C5C00D86464 /* Build configuration list for PBXProject "EssentialFeedRevised" */ = {
			isa = XCConfigurationList;
			buildConfigurations = (
				F5B87CFC283F5C5F00D86464 /* Debug */,
				F5B87CFD283F5C5F00D86464 /* Release */,
			);
			defaultConfigurationIsVisible = 0;
			defaultConfigurationName = Release;
		};
		F5B87CFE283F5C5F00D86464 /* Build configuration list for PBXNativeTarget "EssentialFeedRevised" */ = {
			isa = XCConfigurationList;
			buildConfigurations = (
				F5B87CFF283F5C5F00D86464 /* Debug */,
				F5B87D00283F5C5F00D86464 /* Release */,
			);
			defaultConfigurationIsVisible = 0;
			defaultConfigurationName = Release;
		};
		F5B87D01283F5C5F00D86464 /* Build configuration list for PBXNativeTarget "EssentialFeedRevisedTests" */ = {
			isa = XCConfigurationList;
			buildConfigurations = (
				F5B87D02283F5C5F00D86464 /* Debug */,
				F5B87D03283F5C5F00D86464 /* Release */,
			);
			defaultConfigurationIsVisible = 0;
			defaultConfigurationName = Release;
		};
		F5B87D04283F5C5F00D86464 /* Build configuration list for PBXNativeTarget "EssentialFeedRevisedUITests" */ = {
			isa = XCConfigurationList;
			buildConfigurations = (
				F5B87D05283F5C5F00D86464 /* Debug */,
				F5B87D06283F5C5F00D86464 /* Release */,
			);
			defaultConfigurationIsVisible = 0;
			defaultConfigurationName = Release;
		};
		F5B9B26E284F0BB100ADA20C /* Build configuration list for PBXNativeTarget "EssentialFeedApiEndToEndTests" */ = {
			isa = XCConfigurationList;
			buildConfigurations = (
				F5B9B26F284F0BB100ADA20C /* Debug */,
				F5B9B270284F0BB100ADA20C /* Release */,
			);
			defaultConfigurationIsVisible = 0;
			defaultConfigurationName = Release;
		};
		F5DA76E12859E5CA00AA1586 /* Build configuration list for PBXNativeTarget "EssentialFeediOS" */ = {
			isa = XCConfigurationList;
			buildConfigurations = (
				F5DA76DD2859E5CA00AA1586 /* Debug */,
				F5DA76DE2859E5CA00AA1586 /* Release */,
			);
			defaultConfigurationIsVisible = 0;
			defaultConfigurationName = Release;
		};
		F5DA76E22859E5CA00AA1586 /* Build configuration list for PBXNativeTarget "EssentialFeediOSTests" */ = {
			isa = XCConfigurationList;
			buildConfigurations = (
				F5DA76DF2859E5CA00AA1586 /* Debug */,
				F5DA76E02859E5CA00AA1586 /* Release */,
			);
			defaultConfigurationIsVisible = 0;
			defaultConfigurationName = Release;
		};
/* End XCConfigurationList section */

/* Begin XCVersionGroup section */
		F56F94B1285EB31900CFBC5E /* FeedStore.xcdatamodeld */ = {
			isa = XCVersionGroup;
			children = (
				F56F94B2285EB31900CFBC5E /* FeedStore.xcdatamodel */,
			);
			currentVersion = F56F94B2285EB31900CFBC5E /* FeedStore.xcdatamodel */;
			path = FeedStore.xcdatamodeld;
			sourceTree = "<group>";
			versionGroupType = wrapper.xcdatamodel;
		};
/* End XCVersionGroup section */
	};
	rootObject = F5B87CCC283F5C5C00D86464 /* Project object */;
}
